{
  "version": "5",
  "specifiers": {
    "jsr:@cliffy/ansi@1.0.0-rc.7": "1.0.0-rc.7",
    "jsr:@cliffy/internal@1.0.0-rc.7": "1.0.0-rc.7",
    "jsr:@cliffy/keycode@1.0.0-rc.7": "1.0.0-rc.7",
    "jsr:@cliffy/prompt@^1.0.0-rc.7": "1.0.0-rc.7",
    "jsr:@core/unknownutil@^4.3.0": "4.3.0",
    "jsr:@david/dax@~0.43.1": "0.43.1",
    "jsr:@david/path@0.2": "0.2.0",
    "jsr:@david/which@~0.4.1": "0.4.1",
    "jsr:@deno/graph@0.91": "0.91.0",
    "jsr:@luca/esbuild-deno-loader@~0.11.1": "0.11.1",
    "jsr:@std/assert@^1.0.13": "1.0.13",
    "jsr:@std/assert@~1.0.6": "1.0.13",
    "jsr:@std/async@^1.0.13": "1.0.13",
    "jsr:@std/bytes@^1.0.2": "1.0.6",
    "jsr:@std/bytes@^1.0.5": "1.0.6",
    "jsr:@std/cli@^1.0.17": "1.0.17",
    "jsr:@std/collections@^1.1.0": "1.1.0",
    "jsr:@std/encoding@^1.0.10": "1.0.10",
    "jsr:@std/encoding@^1.0.5": "1.0.10",
    "jsr:@std/encoding@~1.0.5": "1.0.10",
    "jsr:@std/fmt@1": "1.0.8",
    "jsr:@std/fmt@^1.0.8": "1.0.8",
    "jsr:@std/fmt@~1.0.2": "1.0.8",
    "jsr:@std/fs@1": "1.0.17",
    "jsr:@std/fs@^1.0.17": "1.0.17",
    "jsr:@std/html@^1.0.4": "1.0.4",
    "jsr:@std/http@^1.0.16": "1.0.16",
    "jsr:@std/internal@^1.0.6": "1.0.7",
    "jsr:@std/io@0.225": "0.225.2",
    "jsr:@std/io@~0.224.9": "0.224.9",
    "jsr:@std/media-types@^1.1.0": "1.1.0",
    "jsr:@std/net@^1.0.4": "1.0.4",
    "jsr:@std/path@1": "1.0.9",
    "jsr:@std/path@^1.0.6": "1.0.9",
    "jsr:@std/path@^1.0.9": "1.0.9",
    "jsr:@std/path@~1.0.6": "1.0.9",
    "jsr:@std/regexp@^1.0.1": "1.0.1",
    "jsr:@std/semver@^1.0.5": "1.0.5",
    "jsr:@std/streams@^1.0.9": "1.0.9",
    "jsr:@std/text@~1.0.7": "1.0.13",
    "npm:@brc-dd/globals@0.1": "0.1.0",
    "npm:@brc-dd/watcher@2.5.1-2": "2.5.1-2",
    "npm:@types/node@*": "22.15.15",
    "npm:esbuild@~0.25.4": "0.25.4",
    "npm:unplugin-isolated-decl@~0.14.2": "0.14.2",
    "npm:zod@^3.25.20": "3.25.20"
  },
  "jsr": {
    "@cliffy/ansi@1.0.0-rc.7": {
      "integrity": "f71c921cce224c13d322e5cedba4f38e8f7354c7d855c9cb22729362a53f25aa",
      "dependencies": [
        "jsr:@cliffy/internal",
        "jsr:@std/encoding@~1.0.5",
        "jsr:@std/io@~0.224.9"
      ]
    },
    "@cliffy/internal@1.0.0-rc.7": {
      "integrity": "10412636ab3e67517d448be9eaab1b70c88eba9be22617b5d146257a11cc9b17"
    },
    "@cliffy/keycode@1.0.0-rc.7": {
      "integrity": "5b3f6c33994e81a76b79f108b1989642ac22705840da33781f7972d7dff05503"
    },
    "@cliffy/prompt@1.0.0-rc.7": {
      "integrity": "a9cbd13acd8073558447cae8ca4cf593c09d23bcbe429cc63346920c21187b83",
      "dependencies": [
        "jsr:@cliffy/ansi",
        "jsr:@cliffy/internal",
        "jsr:@cliffy/keycode",
        "jsr:@std/assert@~1.0.6",
        "jsr:@std/fmt@~1.0.2",
        "jsr:@std/io@~0.224.9",
        "jsr:@std/path@~1.0.6",
        "jsr:@std/text"
      ]
    },
    "@core/unknownutil@4.3.0": {
      "integrity": "538a3687ffa81028e91d148818047df219663d0da671d906cecd165581ae55cc"
    },
    "@david/dax@0.43.1": {
      "integrity": "2891dd94b53b8dec5d9caeeefe8378346a245d58edeb275274ef562b9434180e",
      "dependencies": [
        "jsr:@david/path",
        "jsr:@david/which",
        "jsr:@std/fmt@1",
        "jsr:@std/fs@1",
        "jsr:@std/io@0.225",
        "jsr:@std/path@1"
      ]
    },
    "@david/path@0.2.0": {
      "integrity": "f2d7aa7f02ce5a55e27c09f9f1381794acb09d328f8d3c8a2e3ab3ffc294dccd",
      "dependencies": [
        "jsr:@std/fs@1",
        "jsr:@std/path@1"
      ]
    },
    "@david/which@0.4.1": {
      "integrity": "896a682b111f92ab866cc70c5b4afab2f5899d2f9bde31ed00203b9c250f225e"
    },
    "@deno/graph@0.91.0": {
      "integrity": "3633b67eeb2d46cc73cdbbb353018ca1ae4808b188a87257efca34954a8c5855"
    },
    "@luca/esbuild-deno-loader@0.11.1": {
      "integrity": "dc020d16d75b591f679f6b9288b10f38bdb4f24345edb2f5732affa1d9885267",
      "dependencies": [
        "jsr:@std/bytes@^1.0.2",
        "jsr:@std/encoding@^1.0.5",
        "jsr:@std/path@^1.0.6"
      ]
    },
    "@std/assert@1.0.13": {
      "integrity": "ae0d31e41919b12c656c742b22522c32fb26ed0cba32975cb0de2a273cb68b29",
      "dependencies": [
        "jsr:@std/internal"
      ]
    },
    "@std/async@1.0.13": {
      "integrity": "1d76ca5d324aef249908f7f7fe0d39aaf53198e5420604a59ab5c035adc97c96"
    },
    "@std/bytes@1.0.6": {
      "integrity": "f6ac6adbd8ccd99314045f5703e23af0a68d7f7e58364b47d2c7f408aeb5820a"
    },
    "@std/cli@1.0.17": {
      "integrity": "e15b9abe629e17be90cc6216327f03a29eae613365f1353837fa749aad29ce7b"
    },
    "@std/collections@1.1.0": {
      "integrity": "2ee8761c84c3d203f7a4ecd376f9ca88a0c559817a4a54c9150f28c0b948027c"
    },
    "@std/encoding@1.0.10": {
      "integrity": "8783c6384a2d13abd5e9e87a7ae0520a30e9f56aeeaa3bdf910a3eaaf5c811a1"
    },
    "@std/fmt@1.0.8": {
      "integrity": "71e1fc498787e4434d213647a6e43e794af4fd393ef8f52062246e06f7e372b7"
    },
    "@std/fs@1.0.17": {
      "integrity": "1c00c632677c1158988ef7a004cb16137f870aafdb8163b9dce86ec652f3952b",
      "dependencies": [
        "jsr:@std/path@^1.0.9"
      ]
    },
    "@std/html@1.0.4": {
      "integrity": "eff3497c08164e6ada49b7f81a28b5108087033823153d065e3f89467dd3d50e"
    },
    "@std/http@1.0.16": {
      "integrity": "80c8d08c4bfcf615b89978dcefb84f7e880087cf3b6b901703936f3592a06933",
      "dependencies": [
        "jsr:@std/cli",
        "jsr:@std/encoding@^1.0.10",
        "jsr:@std/fmt@^1.0.8",
        "jsr:@std/html",
        "jsr:@std/media-types",
        "jsr:@std/net",
        "jsr:@std/path@^1.0.9",
        "jsr:@std/streams"
      ]
    },
    "@std/internal@1.0.7": {
      "integrity": "39eeb5265190a7bc5d5591c9ff019490bd1f2c3907c044a11b0d545796158a0f"
    },
    "@std/io@0.224.9": {
      "integrity": "4414664b6926f665102e73c969cfda06d2c4c59bd5d0c603fd4f1b1c840d6ee3"
    },
    "@std/io@0.225.2": {
      "integrity": "3c740cd4ee4c082e6cfc86458f47e2ab7cb353dc6234d5e9b1f91a2de5f4d6c7",
      "dependencies": [
        "jsr:@std/bytes@^1.0.5"
      ]
    },
    "@std/media-types@1.1.0": {
      "integrity": "c9d093f0c05c3512932b330e3cc1fe1d627b301db33a4c2c2185c02471d6eaa4"
    },
    "@std/net@1.0.4": {
      "integrity": "2f403b455ebbccf83d8a027d29c5a9e3a2452fea39bb2da7f2c04af09c8bc852"
    },
    "@std/path@1.0.9": {
      "integrity": "260a49f11edd3db93dd38350bf9cd1b4d1366afa98e81b86167b4e3dd750129e"
    },
    "@std/regexp@1.0.1": {
      "integrity": "5179d823465085c5480dafb44438466e83c424fadc61ba31f744050ecc0f596d"
    },
    "@std/semver@1.0.5": {
      "integrity": "529f79e83705714c105ad0ba55bec0f9da0f24d2f726b6cc1c15e505cc2c0624"
    },
    "@std/streams@1.0.9": {
      "integrity": "a9d26b1988cdd7aa7b1f4b51e1c36c1557f3f252880fa6cc5b9f37078b1a5035"
    },
    "@std/text@1.0.13": {
      "integrity": "2191c90e6e667b0c3b7dea1cd082137580a93b3c136bad597c0212d5fe006eb1"
    }
  },
  "npm": {
    "@brc-dd/globals@0.1.0": {
      "integrity": "sha512-osgMTmieMs3q1ZoutX2vTd63eMKNpcFwk8krqZTSq7xzq2Pis6mLgANnQtCotWypZrQMDNqDZojIWr6Vn0EV/w=="
    },
    "@brc-dd/watcher@2.5.1-2": {
      "integrity": "sha512-876c6QE2IBrNS0VLPfiRsfuZaaeaBsZLvtS3PpV0HpRKSby7O5O7847AdjivulMgp9A+ktBled7Pn+Nogu/08A==",
      "optionalDependencies": [
        "@parcel/watcher-darwin-arm64",
        "@parcel/watcher-darwin-x64",
        "@parcel/watcher-linux-arm64-glibc",
        "@parcel/watcher-linux-x64-glibc",
        "@parcel/watcher-win32-arm64",
        "@parcel/watcher-win32-x64"
      ]
    },
    "@emnapi/core@1.4.3": {
      "integrity": "sha512-4m62DuCE07lw01soJwPiBGC0nAww0Q+RY70VZ+n49yDIO13yyinhbWCeNnaob0lakDtWQzSdtNWzJeOJt2ma+g==",
      "dependencies": [
        "@emnapi/wasi-threads",
        "tslib"
      ]
    },
    "@emnapi/runtime@1.4.3": {
      "integrity": "sha512-pBPWdu6MLKROBX05wSNKcNb++m5Er+KQ9QkB+WVM+pW2Kx9hoSrVTnu3BdkI5eBLZoKu/J6mW/B6i6bJB2ytXQ==",
      "dependencies": [
        "tslib"
      ]
    },
    "@emnapi/wasi-threads@1.0.2": {
      "integrity": "sha512-5n3nTJblwRi8LlXkJ9eBzu+kZR8Yxcc7ubakyQTFzPMtIhFpUBRbsnc2Dv88IZDIbCDlBiWrknhB4Lsz7mg6BA==",
      "dependencies": [
        "tslib"
      ]
    },
    "@esbuild/aix-ppc64@0.25.4": {
      "integrity": "sha512-1VCICWypeQKhVbE9oW/sJaAmjLxhVqacdkvPLEjwlttjfwENRSClS8EjBz0KzRyFSCPDIkuXW34Je/vk7zdB7Q==",
      "os": ["aix"],
      "cpu": ["ppc64"]
    },
    "@esbuild/android-arm64@0.25.4": {
      "integrity": "sha512-bBy69pgfhMGtCnwpC/x5QhfxAz/cBgQ9enbtwjf6V9lnPI/hMyT9iWpR1arm0l3kttTr4L0KSLpKmLp/ilKS9A==",
      "os": ["android"],
      "cpu": ["arm64"]
    },
    "@esbuild/android-arm@0.25.4": {
      "integrity": "sha512-QNdQEps7DfFwE3hXiU4BZeOV68HHzYwGd0Nthhd3uCkkEKK7/R6MTgM0P7H7FAs5pU/DIWsviMmEGxEoxIZ+ZQ==",
      "os": ["android"],
      "cpu": ["arm"]
    },
    "@esbuild/android-x64@0.25.4": {
      "integrity": "sha512-TVhdVtQIFuVpIIR282btcGC2oGQoSfZfmBdTip2anCaVYcqWlZXGcdcKIUklfX2wj0JklNYgz39OBqh2cqXvcQ==",
      "os": ["android"],
      "cpu": ["x64"]
    },
    "@esbuild/darwin-arm64@0.25.4": {
      "integrity": "sha512-Y1giCfM4nlHDWEfSckMzeWNdQS31BQGs9/rouw6Ub91tkK79aIMTH3q9xHvzH8d0wDru5Ci0kWB8b3up/nl16g==",
      "os": ["darwin"],
      "cpu": ["arm64"]
    },
    "@esbuild/darwin-x64@0.25.4": {
      "integrity": "sha512-CJsry8ZGM5VFVeyUYB3cdKpd/H69PYez4eJh1W/t38vzutdjEjtP7hB6eLKBoOdxcAlCtEYHzQ/PJ/oU9I4u0A==",
      "os": ["darwin"],
      "cpu": ["x64"]
    },
    "@esbuild/freebsd-arm64@0.25.4": {
      "integrity": "sha512-yYq+39NlTRzU2XmoPW4l5Ifpl9fqSk0nAJYM/V/WUGPEFfek1epLHJIkTQM6bBs1swApjO5nWgvr843g6TjxuQ==",
      "os": ["freebsd"],
      "cpu": ["arm64"]
    },
    "@esbuild/freebsd-x64@0.25.4": {
      "integrity": "sha512-0FgvOJ6UUMflsHSPLzdfDnnBBVoCDtBTVyn/MrWloUNvq/5SFmh13l3dvgRPkDihRxb77Y17MbqbCAa2strMQQ==",
      "os": ["freebsd"],
      "cpu": ["x64"]
    },
    "@esbuild/linux-arm64@0.25.4": {
      "integrity": "sha512-+89UsQTfXdmjIvZS6nUnOOLoXnkUTB9hR5QAeLrQdzOSWZvNSAXAtcRDHWtqAUtAmv7ZM1WPOOeSxDzzzMogiQ==",
      "os": ["linux"],
      "cpu": ["arm64"]
    },
    "@esbuild/linux-arm@0.25.4": {
      "integrity": "sha512-kro4c0P85GMfFYqW4TWOpvmF8rFShbWGnrLqlzp4X1TNWjRY3JMYUfDCtOxPKOIY8B0WC8HN51hGP4I4hz4AaQ==",
      "os": ["linux"],
      "cpu": ["arm"]
    },
    "@esbuild/linux-ia32@0.25.4": {
      "integrity": "sha512-yTEjoapy8UP3rv8dB0ip3AfMpRbyhSN3+hY8mo/i4QXFeDxmiYbEKp3ZRjBKcOP862Ua4b1PDfwlvbuwY7hIGQ==",
      "os": ["linux"],
      "cpu": ["ia32"]
    },
    "@esbuild/linux-loong64@0.25.4": {
      "integrity": "sha512-NeqqYkrcGzFwi6CGRGNMOjWGGSYOpqwCjS9fvaUlX5s3zwOtn1qwg1s2iE2svBe4Q/YOG1q6875lcAoQK/F4VA==",
      "os": ["linux"],
      "cpu": ["loong64"]
    },
    "@esbuild/linux-mips64el@0.25.4": {
      "integrity": "sha512-IcvTlF9dtLrfL/M8WgNI/qJYBENP3ekgsHbYUIzEzq5XJzzVEV/fXY9WFPfEEXmu3ck2qJP8LG/p3Q8f7Zc2Xg==",
      "os": ["linux"],
      "cpu": ["mips64el"]
    },
    "@esbuild/linux-ppc64@0.25.4": {
      "integrity": "sha512-HOy0aLTJTVtoTeGZh4HSXaO6M95qu4k5lJcH4gxv56iaycfz1S8GO/5Jh6X4Y1YiI0h7cRyLi+HixMR+88swag==",
      "os": ["linux"],
      "cpu": ["ppc64"]
    },
    "@esbuild/linux-riscv64@0.25.4": {
      "integrity": "sha512-i8JUDAufpz9jOzo4yIShCTcXzS07vEgWzyX3NH2G7LEFVgrLEhjwL3ajFE4fZI3I4ZgiM7JH3GQ7ReObROvSUA==",
      "os": ["linux"],
      "cpu": ["riscv64"]
    },
    "@esbuild/linux-s390x@0.25.4": {
      "integrity": "sha512-jFnu+6UbLlzIjPQpWCNh5QtrcNfMLjgIavnwPQAfoGx4q17ocOU9MsQ2QVvFxwQoWpZT8DvTLooTvmOQXkO51g==",
      "os": ["linux"],
      "cpu": ["s390x"]
    },
    "@esbuild/linux-x64@0.25.4": {
      "integrity": "sha512-6e0cvXwzOnVWJHq+mskP8DNSrKBr1bULBvnFLpc1KY+d+irZSgZ02TGse5FsafKS5jg2e4pbvK6TPXaF/A6+CA==",
      "os": ["linux"],
      "cpu": ["x64"]
    },
    "@esbuild/netbsd-arm64@0.25.4": {
      "integrity": "sha512-vUnkBYxZW4hL/ie91hSqaSNjulOnYXE1VSLusnvHg2u3jewJBz3YzB9+oCw8DABeVqZGg94t9tyZFoHma8gWZQ==",
      "os": ["netbsd"],
      "cpu": ["arm64"]
    },
    "@esbuild/netbsd-x64@0.25.4": {
      "integrity": "sha512-XAg8pIQn5CzhOB8odIcAm42QsOfa98SBeKUdo4xa8OvX8LbMZqEtgeWE9P/Wxt7MlG2QqvjGths+nq48TrUiKw==",
      "os": ["netbsd"],
      "cpu": ["x64"]
    },
    "@esbuild/openbsd-arm64@0.25.4": {
      "integrity": "sha512-Ct2WcFEANlFDtp1nVAXSNBPDxyU+j7+tId//iHXU2f/lN5AmO4zLyhDcpR5Cz1r08mVxzt3Jpyt4PmXQ1O6+7A==",
      "os": ["openbsd"],
      "cpu": ["arm64"]
    },
    "@esbuild/openbsd-x64@0.25.4": {
      "integrity": "sha512-xAGGhyOQ9Otm1Xu8NT1ifGLnA6M3sJxZ6ixylb+vIUVzvvd6GOALpwQrYrtlPouMqd/vSbgehz6HaVk4+7Afhw==",
      "os": ["openbsd"],
      "cpu": ["x64"]
    },
    "@esbuild/sunos-x64@0.25.4": {
      "integrity": "sha512-Mw+tzy4pp6wZEK0+Lwr76pWLjrtjmJyUB23tHKqEDP74R3q95luY/bXqXZeYl4NYlvwOqoRKlInQialgCKy67Q==",
      "os": ["sunos"],
      "cpu": ["x64"]
    },
    "@esbuild/win32-arm64@0.25.4": {
      "integrity": "sha512-AVUP428VQTSddguz9dO9ngb+E5aScyg7nOeJDrF1HPYu555gmza3bDGMPhmVXL8svDSoqPCsCPjb265yG/kLKQ==",
      "os": ["win32"],
      "cpu": ["arm64"]
    },
    "@esbuild/win32-ia32@0.25.4": {
      "integrity": "sha512-i1sW+1i+oWvQzSgfRcxxG2k4I9n3O9NRqy8U+uugaT2Dy7kLO9Y7wI72haOahxceMX8hZAzgGou1FhndRldxRg==",
      "os": ["win32"],
      "cpu": ["ia32"]
    },
    "@esbuild/win32-x64@0.25.4": {
      "integrity": "sha512-nOT2vZNw6hJ+z43oP1SPea/G/6AbN6X+bGNhNuq8NtRHy4wsMhw765IKLNmnjek7GvjWBYQ8Q5VBoYTFg9y1UQ==",
      "os": ["win32"],
      "cpu": ["x64"]
    },
    "@jridgewell/sourcemap-codec@1.5.0": {
      "integrity": "sha512-gv3ZRaISU3fjPAgNsriBRqGWQL6quFx04YMPW/zD8XMLsU32mhCCbfbO6KZFLjvYpCZ8zyDEgqsgf+PwPaM7GQ=="
    },
    "@napi-rs/wasm-runtime@0.2.10": {
      "integrity": "sha512-bCsCyeZEwVErsGmyPNSzwfwFn4OdxBj0mmv6hOFucB/k81Ojdu68RbZdxYsRQUPc9l6SU5F/cG+bXgWs3oUgsQ==",
      "dependencies": [
        "@emnapi/core",
        "@emnapi/runtime",
        "@tybys/wasm-util"
      ]
    },
    "@oxc-parser/binding-darwin-arm64@0.70.0": {
      "integrity": "sha512-pIi7L9PnsBctS/ruW6JQVSYRJkh76PblBN46uQxpBfVsM57c1s4HGZlmGysQWbdmQTFDZW+SmH3u0JpmDLF0+A==",
      "os": ["darwin"],
      "cpu": ["arm64"]
    },
    "@oxc-parser/binding-darwin-x64@0.70.0": {
      "integrity": "sha512-EbKqtOHzZR56ZFC5HHg6XrYneFAJmpLC1Z6FSgbI061Ley1atAViQg7S6Agm9wAcPpns+BeFJqXEBx/y3MKa2w==",
      "os": ["darwin"],
      "cpu": ["x64"]
    },
    "@oxc-parser/binding-freebsd-x64@0.70.0": {
      "integrity": "sha512-MVUaOMEUVE8q3nsWtEo589h++V5wAdqTbCRa9WY4Yuyxska4xcuJQk/kDNCx+n92saS7Luk+b20O9+VCI03c+A==",
      "os": ["freebsd"],
      "cpu": ["x64"]
    },
    "@oxc-parser/binding-linux-arm-gnueabihf@0.70.0": {
      "integrity": "sha512-8N4JTYTgKiRHlMUDAdzKs6iEC57a8ex408VgKoLD/Fl+Un79qOti3S9sotdnWSdH/BsDQeO5NW+PKaqFBTw+hA==",
      "os": ["linux"],
      "cpu": ["arm"]
    },
    "@oxc-parser/binding-linux-arm-musleabihf@0.70.0": {
      "integrity": "sha512-Bsu+YvtgWuSfSDJTHMF5APZBOtvddR0GiHyrL0yaXDwaYvAL/E7XcoSK2GdmKTpw+J8nk5IlejEXlQliPo52pQ==",
      "os": ["linux"],
      "cpu": ["arm"]
    },
    "@oxc-parser/binding-linux-arm64-gnu@0.70.0": {
      "integrity": "sha512-tDzHWKexJPHR+qSiuAFoZ1v8EgCd4ggBNbjJHkcIHsoYKnsKaT1+uE9xfW9UhI1mhv2lo1JJ9n9og2yDTGxSeA==",
      "os": ["linux"],
      "cpu": ["arm64"]
    },
    "@oxc-parser/binding-linux-arm64-musl@0.70.0": {
      "integrity": "sha512-BJ+N25UWmHU624558ojSTnht3uFL00jV1c8qk1hnKf4cl6+ovFcoktRWAWSBlgLEP8tLlu8qgIhz875tMj2PkQ==",
      "os": ["linux"],
      "cpu": ["arm64"]
    },
    "@oxc-parser/binding-linux-riscv64-gnu@0.70.0": {
      "integrity": "sha512-nxu22nVuPA2xy1cxvBC0D5mVl0myqStOw3XBkVkDViNL01iPyuEFJd5VsM0GqsgrXvF95H/jrbMd+XWnto924g==",
      "os": ["linux"],
      "cpu": ["riscv64"]
    },
    "@oxc-parser/binding-linux-s390x-gnu@0.70.0": {
      "integrity": "sha512-AQ6Xj97lYRxHZl94cZIHJxT5M1qkeEi+vQe+e7M2lAtjcURl8cwhZmWKSv4rt4BQRVfO3ys0bY8AgIh4eFJiqw==",
      "os": ["linux"],
      "cpu": ["s390x"]
    },
    "@oxc-parser/binding-linux-x64-gnu@0.70.0": {
      "integrity": "sha512-RIxaVsIxtG90CoX6/Okij8itaMrJp4SEJm1pSL0pz3hGo0yur3Il9M1mmGvOpW+avY8uHdwXIvf2qMnnTKZuoQ==",
      "os": ["linux"],
      "cpu": ["x64"]
    },
    "@oxc-parser/binding-linux-x64-musl@0.70.0": {
      "integrity": "sha512-B3S0G4TlZ+WLdQq4mSQtt2ZW0MAkKWc8dla17tZY86kcXvvCWwACvj7I27Z/nSlb7uJOdRZS9/r6Gw0uAARNVQ==",
      "os": ["linux"],
      "cpu": ["x64"]
    },
    "@oxc-parser/binding-wasm32-wasi@0.70.0": {
      "integrity": "sha512-QN8yxH7eHXTqed8Oo7ZUzOWn6hixXa8EVINLy21eLU9isoifSPKMswSmCXHxsM2L5rIIvzoaKfghGOru1mMQbw==",
      "dependencies": [
        "@napi-rs/wasm-runtime"
      ],
      "cpu": ["wasm32"]
    },
    "@oxc-parser/binding-win32-arm64-msvc@0.70.0": {
      "integrity": "sha512-6k8/s78g0GQKqrxk4F0wYj32NBF9oSP6089e6BeuIRQ9l+Zh0cuI6unJeLzXNszxmlqq84xmf/tmP3MSDG43Uw==",
      "os": ["win32"],
      "cpu": ["arm64"]
    },
    "@oxc-parser/binding-win32-x64-msvc@0.70.0": {
      "integrity": "sha512-nd9o1QtEvupaJZ3Wn7PfsuC00n31NNRQZ5+Mui6Q0ZyDzp+obqPUSbSt7xh9Dy0c5zgtYMk8WY4n/VBJY2VvTQ==",
      "os": ["win32"],
      "cpu": ["x64"]
    },
    "@oxc-project/types@0.70.0": {
      "integrity": "sha512-ngyLUpUjO3dpqygSRQDx7nMx8+BmXbWOU4oIwTJFV2MVIDG7knIZwgdwXlQWLg3C3oxg1lS7ppMtPKqKFb7wzw=="
    },
    "@oxc-transform/binding-darwin-arm64@0.70.0": {
      "integrity": "sha512-h5DHbP2JqhI7o+hgVwiUn1OFTuKY2r1S6mO2wYPHS1LRWZM2GLNVo/cuCVJx5nRLHIfWBYtIIgbrG8ZrlrG2Cg==",
      "os": ["darwin"],
      "cpu": ["arm64"]
    },
    "@oxc-transform/binding-darwin-x64@0.70.0": {
      "integrity": "sha512-1l0C5VOlfirfSzyL/fPtmxnZwoUJZI25leFQTCa3I2neOoFvcV4tncg5NYBpF18DbrHcEzTtTbhVRwCjO1RQ8A==",
      "os": ["darwin"],
      "cpu": ["x64"]
    },
    "@oxc-transform/binding-freebsd-x64@0.70.0": {
      "integrity": "sha512-bSkX/vXW9TGqm6LS56mCzM2dkeiAsS/OWvOS94NTBIZQHd5vLn6jtt8KYmGoO/7iOGP+UT2L7p7Da+y/LNB7cg==",
      "os": ["freebsd"],
      "cpu": ["x64"]
    },
    "@oxc-transform/binding-linux-arm-gnueabihf@0.70.0": {
      "integrity": "sha512-Ru35tW9h+0fC/h/NpbBOuxW9xBYHrVTvk/rHZXg860QDC17W/ORPY7DJ4sBN+JPcm69UNssRELEydvy62p5hnQ==",
      "os": ["linux"],
      "cpu": ["arm"]
    },
    "@oxc-transform/binding-linux-arm-musleabihf@0.70.0": {
      "integrity": "sha512-NUpJ2hFE8R29zvL4YN/JvyfaT2Vpcw4NyEVdBICEN6DLJvM2fYUrtN3c7q/5RSMPERWGDdkX4oebHy3gOReb5A==",
      "os": ["linux"],
      "cpu": ["arm"]
    },
    "@oxc-transform/binding-linux-arm64-gnu@0.70.0": {
      "integrity": "sha512-ijMtGrOgXgEzyHJoaieDBfBe2IaW53RlaDPVKLu6SRaqzbYSzjkBocMCWPnlhHAlsXXot4iXqUz/mIvi9iySgQ==",
      "os": ["linux"],
      "cpu": ["arm64"]
    },
    "@oxc-transform/binding-linux-arm64-musl@0.70.0": {
      "integrity": "sha512-VUK5p1ooBC8zObwIAoo4et3x9h0kuBeas4UehbNN4HfnhwkM8yRCt5owHypslIi1vytfPpkexRpZcw68lAiThw==",
      "os": ["linux"],
      "cpu": ["arm64"]
    },
    "@oxc-transform/binding-linux-riscv64-gnu@0.70.0": {
      "integrity": "sha512-IqOHDigJosjwgWSWv7WBJHiVzQdYj3uvFDOndHTsZuQdx3UHBvejcJPTVFZocMVH/JPr4QCnmzEXfNVlscoRAQ==",
      "os": ["linux"],
      "cpu": ["riscv64"]
    },
    "@oxc-transform/binding-linux-s390x-gnu@0.70.0": {
      "integrity": "sha512-p9u5bmQkzwzMMVqaPDZwwJCJIzm5MqK6n5VyPYNVCpSWJmI9YtxRpL7A+Szbjrv1I8RAQ3Lfvd7vLcQbybzZbg==",
      "os": ["linux"],
      "cpu": ["s390x"]
    },
    "@oxc-transform/binding-linux-x64-gnu@0.70.0": {
      "integrity": "sha512-CtKvuyXNAheW2WBrR6RyyksStT84UfZLh+EjhYbNzQUMMBmUni5xfcJJiDPLhV2fmZ+iCMaHv36IIPS4gkP3wQ==",
      "os": ["linux"],
      "cpu": ["x64"]
    },
    "@oxc-transform/binding-linux-x64-musl@0.70.0": {
      "integrity": "sha512-KM68LeDbF7HM3SeRC8ljJ2fISEmTGyjw70VP4xnAJy9FotneYmDqD7UDbtdcl956m2zePFUNdmdlLEwmP211Ag==",
      "os": ["linux"],
      "cpu": ["x64"]
    },
    "@oxc-transform/binding-wasm32-wasi@0.70.0": {
      "integrity": "sha512-jT8y6XnATCbArIZqVE8BgFSJLASSPXcsCPHo1dk5GDJHxls8SuWo0VecE4v4OAphOVPhX1Jdyj1lie6oK6xEnQ==",
      "dependencies": [
        "@napi-rs/wasm-runtime"
      ],
      "cpu": ["wasm32"]
    },
    "@oxc-transform/binding-win32-arm64-msvc@0.70.0": {
      "integrity": "sha512-OFmHVkWeIG6PqouPzVULCuD8PfLA0ASHSfKvMM6/l3Soowz38nkfi8y2OpH8StDyXK3kgn+PkMpS03NAITeGlQ==",
      "os": ["win32"],
      "cpu": ["arm64"]
    },
    "@oxc-transform/binding-win32-x64-msvc@0.70.0": {
      "integrity": "sha512-o59kbIXgY2HXUlHepZHD/Zz4k0it80yZHL+QIbsYs1/K/i6iydrhdUKIabRkFcPg9qvxXXJ/xxDAggC8KdBoPA==",
      "os": ["win32"],
      "cpu": ["x64"]
    },
    "@parcel/watcher-darwin-arm64@2.5.1": {
      "integrity": "sha512-eAzPv5osDmZyBhou8PoF4i6RQXAfeKL9tjb3QzYuccXFMQU0ruIc/POh30ePnaOyD1UXdlKguHBmsTs53tVoPw==",
      "os": ["darwin"],
      "cpu": ["arm64"]
    },
    "@parcel/watcher-darwin-x64@2.5.1": {
      "integrity": "sha512-1ZXDthrnNmwv10A0/3AJNZ9JGlzrF82i3gNQcWOzd7nJ8aj+ILyW1MTxVk35Db0u91oD5Nlk9MBiujMlwmeXZg==",
      "os": ["darwin"],
      "cpu": ["x64"]
    },
    "@parcel/watcher-linux-arm64-glibc@2.5.1": {
      "integrity": "sha512-LrGp+f02yU3BN9A+DGuY3v3bmnFUggAITBGriZHUREfNEzZh/GO06FF5u2kx8x+GBEUYfyTGamol4j3m9ANe8w==",
      "os": ["linux"],
      "cpu": ["arm64"]
    },
    "@parcel/watcher-linux-x64-glibc@2.5.1": {
      "integrity": "sha512-GcESn8NZySmfwlTsIur+49yDqSny2IhPeZfXunQi48DMugKeZ7uy1FX83pO0X22sHntJ4Ub+9k34XQCX+oHt2A==",
      "os": ["linux"],
      "cpu": ["x64"]
    },
    "@parcel/watcher-win32-arm64@2.5.1": {
      "integrity": "sha512-RFzklRvmc3PkjKjry3hLF9wD7ppR4AKcWNzH7kXR7GUe0Igb3Nz8fyPwtZCSquGrhU5HhUNDr/mKBqj7tqA2Vw==",
      "os": ["win32"],
      "cpu": ["arm64"]
    },
    "@parcel/watcher-win32-x64@2.5.1": {
      "integrity": "sha512-9lHBdJITeNR++EvSQVUcaZoWupyHfXe1jZvGZ06O/5MflPcuPLtEphScIBL+AiCWBO46tDSHzWyD0uDmmZqsgA==",
      "os": ["win32"],
      "cpu": ["x64"]
    },
    "@tybys/wasm-util@0.9.0": {
      "integrity": "sha512-6+7nlbMVX/PVDCwaIQ8nTOPveOcFLSt8GcXdx8hD0bt39uWxYT88uXzqTd4fTvqta7oeUJqudepapKNt2DYJFw==",
      "dependencies": [
        "tslib"
      ]
    },
    "@types/node@22.15.15": {
      "integrity": "sha512-R5muMcZob3/Jjchn5LcO8jdKwSCbzqmPB6ruBxMcf9kbxtniZHP327s6C37iOfuw8mbKK3cAQa7sEl7afLrQ8A==",
      "dependencies": [
        "undici-types"
      ]
    },
    "acorn@8.14.1": {
      "integrity": "sha512-OvQ/2pUDKmgfCg++xsTX1wGxfTaszcHVcTctW4UJB4hibJx2HXxxO5UmVgyjMa+ZDsiaf5wWLXYpRWMmBI0QHg==",
      "bin": true
    },
    "debug@4.4.1": {
      "integrity": "sha512-KcKCqiftBJcZr++7ykoDIEwSa3XWowTfNPo92BYxjXiyYEVrUQh2aLyhxBCwww+heortUFxEJYcRzosstTEBYQ==",
      "dependencies": [
        "ms"
      ]
    },
    "esbuild@0.25.4": {
      "integrity": "sha512-8pgjLUcUjcgDg+2Q4NYXnPbo/vncAY4UmyaCm0jZevERqCHZIaWwdJHkf8XQtu4AxSKCdvrUbT0XUr1IdZzI8Q==",
      "optionalDependencies": [
        "@esbuild/aix-ppc64",
        "@esbuild/android-arm",
        "@esbuild/android-arm64",
        "@esbuild/android-x64",
        "@esbuild/darwin-arm64",
        "@esbuild/darwin-x64",
        "@esbuild/freebsd-arm64",
        "@esbuild/freebsd-x64",
        "@esbuild/linux-arm",
        "@esbuild/linux-arm64",
        "@esbuild/linux-ia32",
        "@esbuild/linux-loong64",
        "@esbuild/linux-mips64el",
        "@esbuild/linux-ppc64",
        "@esbuild/linux-riscv64",
        "@esbuild/linux-s390x",
        "@esbuild/linux-x64",
        "@esbuild/netbsd-arm64",
        "@esbuild/netbsd-x64",
        "@esbuild/openbsd-arm64",
        "@esbuild/openbsd-x64",
        "@esbuild/sunos-x64",
        "@esbuild/win32-arm64",
        "@esbuild/win32-ia32",
        "@esbuild/win32-x64"
      ],
      "scripts": true,
      "bin": true
    },
    "magic-string@0.30.17": {
      "integrity": "sha512-sNPKHvyjVf7gyjwS4xGTaW/mCnF8wnjtifKBEhxfZ7E/S8tQ0rssrwGNn6q8JH/ohItJfSQp9mBtQYuTlH5QnA==",
      "dependencies": [
        "@jridgewell/sourcemap-codec"
      ]
    },
    "ms@2.1.3": {
      "integrity": "sha512-6FlzubTLZG3J2a/NVCAleEhjzq5oxgHyaCU9yYXvcLsvoVaHJq/s5xXI6/XXP6tz7R9xAOtHnSO/tXtF3WRTlA=="
    },
    "oxc-parser@0.70.0": {
      "integrity": "sha512-YbqTuQDDIYwQF/li0VFK5uTbmHV4jWFeQQONkPdf77vz+JMiq7SusmcSVZ4hBrGM+3WyLdKH5S7spnvz4XVVzQ==",
      "dependencies": [
        "@oxc-project/types"
      ],
      "optionalDependencies": [
        "@oxc-parser/binding-darwin-arm64",
        "@oxc-parser/binding-darwin-x64",
        "@oxc-parser/binding-freebsd-x64",
        "@oxc-parser/binding-linux-arm-gnueabihf",
        "@oxc-parser/binding-linux-arm-musleabihf",
        "@oxc-parser/binding-linux-arm64-gnu",
        "@oxc-parser/binding-linux-arm64-musl",
        "@oxc-parser/binding-linux-riscv64-gnu",
        "@oxc-parser/binding-linux-s390x-gnu",
        "@oxc-parser/binding-linux-x64-gnu",
        "@oxc-parser/binding-linux-x64-musl",
        "@oxc-parser/binding-wasm32-wasi",
        "@oxc-parser/binding-win32-arm64-msvc",
        "@oxc-parser/binding-win32-x64-msvc"
      ]
    },
    "oxc-transform@0.70.0": {
      "integrity": "sha512-cPaTMNm7ciuDYhypBk7P8srrNU1aPT+yNYU3818odl8aygThFZZ2kXGpvkxtP1XXgVeMpe/nopVJnjQndkO2Uw==",
      "optionalDependencies": [
        "@oxc-transform/binding-darwin-arm64",
        "@oxc-transform/binding-darwin-x64",
        "@oxc-transform/binding-freebsd-x64",
        "@oxc-transform/binding-linux-arm-gnueabihf",
        "@oxc-transform/binding-linux-arm-musleabihf",
        "@oxc-transform/binding-linux-arm64-gnu",
        "@oxc-transform/binding-linux-arm64-musl",
        "@oxc-transform/binding-linux-riscv64-gnu",
        "@oxc-transform/binding-linux-s390x-gnu",
        "@oxc-transform/binding-linux-x64-gnu",
        "@oxc-transform/binding-linux-x64-musl",
        "@oxc-transform/binding-wasm32-wasi",
        "@oxc-transform/binding-win32-arm64-msvc",
        "@oxc-transform/binding-win32-x64-msvc"
      ]
    },
    "pathe@2.0.3": {
      "integrity": "sha512-WUjGcAqP1gQacoQe+OBJsFA7Ld4DyXuUIjZ5cc75cLHvJ7dtNsTugphxIADwspS+AraAUePCKrSVtPLFj/F88w=="
    },
    "picomatch@4.0.2": {
      "integrity": "sha512-M7BAV6Rlcy5u+m6oPhAPFgJTzAioX/6B0DxyvDlo9l8+T3nLKbrczg2WLUyzd45L8RqfUMyGPzekbMvX2Ldkwg=="
    },
    "tslib@2.8.1": {
      "integrity": "sha512-oJFu94HQb+KVduSUQL7wnpmqnfmLsOA/nAh6b6EH0wCEoK0/mPeXU6c3wKDV83MkOuHPRHtSXKKU99IBazS/2w=="
    },
    "undici-types@6.21.0": {
      "integrity": "sha512-iwDZqg0QAGrg9Rav5H4n0M64c3mkR59cJ6wQp+7C4nI0gsmExaedaYLNO44eT4AtBBwjbTiGPMlt2Md0T9H9JQ=="
    },
    "unplugin-isolated-decl@0.14.2": {
      "integrity": "sha512-MJ4HOUiR8r979vP6/CsYQK+3JV9B1Xp4ce5KLgYtrSEkq8KIwPiLWyfa8TFlpMDlEOVBCFNA1V0K5eo4yWze3Q==",
      "dependencies": [
        "debug",
        "magic-string",
        "oxc-parser",
        "oxc-transform",
        "unplugin",
        "unplugin-utils"
      ]
    },
    "unplugin-utils@0.2.4": {
      "integrity": "sha512-8U/MtpkPkkk3Atewj1+RcKIjb5WBimZ/WSLhhR3w6SsIj8XJuKTacSP8g+2JhfSGw0Cb125Y+2zA/IzJZDVbhA==",
      "dependencies": [
        "pathe",
        "picomatch"
      ]
    },
    "unplugin@2.3.4": {
      "integrity": "sha512-m4PjxTurwpWfpMomp8AptjD5yj8qEZN5uQjjGM3TAs9MWWD2tXSSNNj6jGR2FoVGod4293ytyV6SwBbertfyJg==",
      "dependencies": [
        "acorn",
        "picomatch",
        "webpack-virtual-modules"
      ]
    },
    "webpack-virtual-modules@0.6.2": {
      "integrity": "sha512-66/V2i5hQanC51vBQKPH4aI8NMAcBW59FVBs+rC7eGHupMyfn34q7rZIE+ETlJ+XTevqfUhVVBgSUNSW2flEUQ=="
    },
    "zod@3.25.20": {
      "integrity": "sha512-z03fqpTMDF1G02VLKUMt6vyACE7rNWkh3gpXVHgPTw28NPtDFRGvcpTtPwn2kMKtQ0idtYJUTxchytmnqYswcw=="
    }
  },
  "remote": {
    "https://deno.land/x/dir@1.5.1/data_local_dir/mod.ts": "91eb1c4bfadfbeda30171007bac6d85aadacd43224a5ed721bbe56bc64e9eb66",
    "https://deno.land/x/import_map@v0.21.0/import_map.generated.js": "fdd66141ecc2ac25ca6c73d4a598d86cb6dbbd21b98c372884b1330bc027146c",
    "https://deno.land/x/import_map@v0.21.0/mod.ts": "b074650942b9cca0bd1a5a2c354338f844f93b0ae01de10a14718415d7f370f7",
    "https://deno.land/x/wasmbuild@0.15.1/cache.ts": "9d01b5cb24e7f2a942bbd8d14b093751fa690a6cde8e21709ddc97667e6669ed",
    "https://deno.land/x/wasmbuild@0.15.1/loader.ts": "8c2fc10e21678e42f84c5135d8ab6ab7dc92424c3f05d2354896a29ccfd02a63",
    "https://esm.sh/@sentry/core@9.22.0": "1597737849cf430aadd56e3aa30ffe0da71214b59891492a1dc6824f1448d5ef",
    "https://esm.sh/@sentry/core@9.22.0/denonext/core.mjs": "bb07fb60e3f3c134ef28d556e8c35f827dde1901a9b5fb4b35ff5dfa684c4fe7"
  }
}
