{
  "version": "5",
  "specifiers": {
    "jsr:@brc-dd/import-map@0.25": "0.25.0",
    "jsr:@cliffy/ansi@1.0.0": "1.0.0",
    "jsr:@cliffy/internal@1.0.0": "1.0.0",
    "jsr:@cliffy/keycode@1.0.0": "1.0.0",
    "jsr:@cliffy/prompt@1": "1.0.0",
    "jsr:@david/console-static-text@0.3": "0.3.0",
    "jsr:@david/dax@0.45": "0.45.0",
    "jsr:@david/path@0.2": "0.2.0",
    "jsr:@david/which@~0.4.1": "0.4.1",
    "jsr:@deno/cache-dir@0.27": "0.27.0",
    "jsr:@deno/graph@0.107": "0.107.0",
    "jsr:@deno/graph@0.86": "0.86.9",
    "jsr:@deno/loader@0.3": "0.3.13",
    "jsr:@deno/rolldown-plugin@^0.0.10": "0.0.10",
    "jsr:@luca/esbuild-deno-loader@~0.11.1": "0.11.1",
    "jsr:@standard-schema/spec@1.1.0": "1.1.0",
    "jsr:@std/assert@^1.0.18": "1.0.19",
    "jsr:@std/assert@^1.0.19": "1.0.19",
    "jsr:@std/async@^1.2.0": "1.2.0",
    "jsr:@std/bytes@^1.0.2": "1.0.6",
    "jsr:@std/bytes@^1.0.6": "1.0.6",
    "jsr:@std/cli@^1.0.28": "1.0.28",
    "jsr:@std/encoding@^1.0.10": "1.0.10",
    "jsr:@std/encoding@^1.0.5": "1.0.10",
    "jsr:@std/fmt@1": "1.0.9",
    "jsr:@std/fmt@^1.0.3": "1.0.9",
    "jsr:@std/fmt@^1.0.9": "1.0.9",
    "jsr:@std/fs@1": "1.0.23",
    "jsr:@std/fs@^1.0.23": "1.0.23",
    "jsr:@std/fs@^1.0.6": "1.0.23",
    "jsr:@std/html@^1.0.5": "1.0.5",
    "jsr:@std/http@^1.0.25": "1.0.25",
    "jsr:@std/internal@^1.0.12": "1.0.12",
    "jsr:@std/io@0.225": "0.225.3",
    "jsr:@std/io@~0.225.3": "0.225.3",
    "jsr:@std/media-types@^1.1.0": "1.1.0",
    "jsr:@std/net@^1.0.6": "1.0.6",
    "jsr:@std/path@1": "1.1.4",
    "jsr:@std/path@^1.0.6": "1.1.4",
    "jsr:@std/path@^1.0.8": "1.1.4",
    "jsr:@std/path@^1.1.1": "1.1.4",
    "jsr:@std/path@^1.1.4": "1.1.4",
    "jsr:@std/semver@^1.0.8": "1.0.8",
    "jsr:@std/streams@^1.0.17": "1.0.17",
    "jsr:@std/text@^1.0.17": "1.0.17",
    "npm:@sentry/core@^10.40.0": "10.40.0",
    "npm:@sentry/deno@^10.40.0": "10.40.0",
    "npm:esbuild@0.25.5": "0.25.5",
    "npm:msw@2.12.10": "2.12.10_typescript@5.9.3",
    "npm:rolldown-plugin-dts@~0.22.1": "0.22.1_rolldown@1.0.0-rc.5_typescript@5.9.3",
    "npm:rolldown@^1.0.0-rc.5": "1.0.0-rc.5",
    "npm:typescript@^5.9.3": "5.9.3",
    "npm:unplugin-isolated-decl@~0.15.7": "0.15.7_typescript@5.9.3",
    "npm:zod@4.3.6": "4.3.6"
  },
  "jsr": {
    "@brc-dd/import-map@0.25.0": {
      "integrity": "852f9829eafbf2ba09bb7cb459b630130b1f332382ff09c1f0c503c76b63b4c8"
    },
    "@cliffy/ansi@1.0.0": {
      "integrity": "987008f74e50aa72cc1517ffccc769711734a14927bc4599e052efe1b9a840e2",
      "dependencies": [
        "jsr:@cliffy/internal",
        "jsr:@std/encoding@^1.0.10",
        "jsr:@std/io@~0.225.3"
      ]
    },
    "@cliffy/internal@1.0.0": {
      "integrity": "1e17ccbcd5420093c0a93e5b3827bbdc9abac5195bacf187edc44665e54bdde6"
    },
    "@cliffy/keycode@1.0.0": {
      "integrity": "755dbf007be110dcb5625f87eb61b362b6a0ca6835453af03ebd3b34d399cf14"
    },
    "@cliffy/prompt@1.0.0": {
      "integrity": "48b4cd35199fda7832f35e1fe0a3e8bc2b1ea49ba57b4ec0e29e22db44e8ca9f",
      "dependencies": [
        "jsr:@cliffy/ansi",
        "jsr:@cliffy/internal",
        "jsr:@cliffy/keycode",
        "jsr:@std/assert@^1.0.18",
        "jsr:@std/fmt@^1.0.9",
        "jsr:@std/io@~0.225.3",
        "jsr:@std/path@^1.1.4",
        "jsr:@std/text"
      ]
    },
    "@david/console-static-text@0.3.0": {
      "integrity": "2dfb46ecee525755f7989f94ece30bba85bd8ffe3e8666abc1bf926e1ee0698d"
    },
    "@david/dax@0.45.0": {
      "integrity": "ac7565dc5c3e5be953a18b505e5dd0d8a30ed53656b65fd34a53bd8d2d5d6b1e",
      "dependencies": [
        "jsr:@david/console-static-text",
        "jsr:@david/path",
        "jsr:@david/which",
        "jsr:@std/fmt@1",
        "jsr:@std/fs@1",
        "jsr:@std/io@0.225",
        "jsr:@std/path@1"
      ]
    },
    "@david/path@0.2.0": {
      "integrity": "f2d7aa7f02ce5a55e27c09f9f1381794acb09d328f8d3c8a2e3ab3ffc294dccd",
      "dependencies": [
        "jsr:@std/fs@1",
        "jsr:@std/path@1"
      ]
    },
    "@david/which@0.4.1": {
      "integrity": "896a682b111f92ab866cc70c5b4afab2f5899d2f9bde31ed00203b9c250f225e"
    },
    "@deno/cache-dir@0.27.0": {
      "integrity": "e2a7644dec864b9939e4ee3f4a9ca34c0d99d71ba2a114590d6d4af56d647c15",
      "dependencies": [
        "jsr:@deno/graph@0.86",
        "jsr:@std/fmt@^1.0.3",
        "jsr:@std/fs@^1.0.6",
        "jsr:@std/io@0.225",
        "jsr:@std/path@^1.0.8"
      ]
    },
    "@deno/graph@0.86.9": {
      "integrity": "c4f353a695bcc5246c099602977dabc6534eacea9999a35a8cb24e807192e6a1"
    },
    "@deno/graph@0.107.0": {
      "integrity": "3f3e4a360fb6c9331260bf930991199e0685a5aef642a6059a453d10d596f965"
    },
    "@deno/loader@0.3.13": {
      "integrity": "95abc02714d4961e6a463f21c7ce0a75a27385f53057b73ee72018df02d5eca9"
    },
    "@deno/rolldown-plugin@0.0.10": {
      "integrity": "b19d30a916b56863a638735046d540a6f0037dc1e50d3e2597b7bca0fea4b6b3",
      "dependencies": [
        "jsr:@deno/loader",
        "jsr:@std/path@^1.1.1"
      ]
    },
    "@luca/esbuild-deno-loader@0.11.1": {
      "integrity": "dc020d16d75b591f679f6b9288b10f38bdb4f24345edb2f5732affa1d9885267",
      "dependencies": [
        "jsr:@std/bytes@^1.0.2",
        "jsr:@std/encoding@^1.0.5",
        "jsr:@std/path@^1.0.6"
      ]
    },
    "@standard-schema/spec@1.1.0": {
      "integrity": "2ccd54513cd9c960bd155ab569b1a901bc99c6f9ad29559d3f38a28c91c1822d"
    },
    "@std/assert@1.0.19": {
      "integrity": "eaada96ee120cb980bc47e040f82814d786fe8162ecc53c91d8df60b8755991e",
      "dependencies": [
        "jsr:@std/internal"
      ]
    },
    "@std/async@1.2.0": {
      "integrity": "c059c6f6d95ca7cc012ae8e8d7164d1697113d54b0b679e4372b354b11c2dee5"
    },
    "@std/bytes@1.0.6": {
      "integrity": "f6ac6adbd8ccd99314045f5703e23af0a68d7f7e58364b47d2c7f408aeb5820a"
    },
    "@std/cli@1.0.28": {
      "integrity": "74ef9b976db59ca6b23a5283469c9072be6276853807a83ec6c7ce412135c70a",
      "dependencies": [
        "jsr:@std/internal"
      ]
    },
    "@std/encoding@1.0.10": {
      "integrity": "8783c6384a2d13abd5e9e87a7ae0520a30e9f56aeeaa3bdf910a3eaaf5c811a1"
    },
    "@std/fmt@1.0.9": {
      "integrity": "2487343e8899fb2be5d0e3d35013e54477ada198854e52dd05ed0422eddcabe0"
    },
    "@std/fs@1.0.23": {
      "integrity": "3ecbae4ce4fee03b180fa710caff36bb5adb66631c46a6460aaad49515565a37",
      "dependencies": [
        "jsr:@std/internal",
        "jsr:@std/path@^1.1.4"
      ]
    },
    "@std/html@1.0.5": {
      "integrity": "4e2d693f474cae8c16a920fa5e15a3b72267b94b84667f11a50c6dd1cb18d35e"
    },
    "@std/http@1.0.25": {
      "integrity": "577b4252290af1097132812b339fffdd55fb0f4aeb98ff11bdbf67998aa17193",
      "dependencies": [
        "jsr:@std/cli",
        "jsr:@std/encoding@^1.0.10",
        "jsr:@std/fmt@^1.0.9",
        "jsr:@std/fs@^1.0.23",
        "jsr:@std/html",
        "jsr:@std/media-types",
        "jsr:@std/net",
        "jsr:@std/path@^1.1.4",
        "jsr:@std/streams"
      ]
    },
    "@std/internal@1.0.12": {
      "integrity": "972a634fd5bc34b242024402972cd5143eac68d8dffaca5eaa4dba30ce17b027"
    },
    "@std/io@0.225.3": {
      "integrity": "27b07b591384d12d7b568f39e61dff966b8230559122df1e9fd11cc068f7ddd1",
      "dependencies": [
        "jsr:@std/bytes@^1.0.6"
      ]
    },
    "@std/media-types@1.1.0": {
      "integrity": "c9d093f0c05c3512932b330e3cc1fe1d627b301db33a4c2c2185c02471d6eaa4"
    },
    "@std/net@1.0.6": {
      "integrity": "110735f93e95bb9feb95790a8b1d1bf69ec0dc74f3f97a00a76ea5efea25500c"
    },
    "@std/path@1.1.4": {
      "integrity": "1d2d43f39efb1b42f0b1882a25486647cb851481862dc7313390b2bb044314b5",
      "dependencies": [
        "jsr:@std/internal"
      ]
    },
    "@std/semver@1.0.8": {
      "integrity": "dc830e8b8b6a380c895d53fbfd1258dc253704ca57bbe1629ac65fd7830179b7"
    },
    "@std/streams@1.0.17": {
      "integrity": "7859f3d9deed83cf4b41f19223d4a67661b3d3819e9fc117698f493bf5992140"
    },
    "@std/text@1.0.17": {
      "integrity": "4b2c4ef67ae5b6c1dfd447c81c83a43718f52e3c7e748d8b33f694aba9895f95"
    }
  },
  "npm": {
    "@babel/generator@8.0.0-rc.1": {
      "integrity": "sha512-3ypWOOiC4AYHKr8vYRVtWtWmyvcoItHtVqF8paFax+ydpmUdPsJpLBkBBs5ItmhdrwC3a0ZSqqFAdzls4ODP3w==",
      "dependencies": [
        "@babel/parser",
        "@babel/types",
        "@jridgewell/gen-mapping",
        "@jridgewell/trace-mapping",
        "@types/jsesc",
        "jsesc"
      ]
    },
    "@babel/helper-string-parser@8.0.0-rc.2": {
      "integrity": "sha512-noLx87RwlBEMrTzncWd/FvTxoJ9+ycHNg0n8yyYydIoDsLZuxknKgWRJUqcrVkNrJ74uGyhWQzQaS3q8xfGAhQ=="
    },
    "@babel/helper-validator-identifier@8.0.0-rc.1": {
      "integrity": "sha512-I4YnARytXC2RzkLNVnf5qFNFMzp679qZpmtw/V3Jt2uGnWiIxyJtaukjG7R8pSx8nG2NamICpGfljQsogj+FbQ=="
    },
    "@babel/parser@8.0.0-rc.1": {
      "integrity": "sha512-6HyyU5l1yK/7h9Ki52i5h6mDAx4qJdiLQO4FdCyJNoB/gy3T3GGJdhQzzbZgvgZCugYBvwtQiWRt94QKedHnkA==",
      "dependencies": [
        "@babel/types"
      ],
      "bin": true
    },
    "@babel/types@8.0.0-rc.1": {
      "integrity": "sha512-ubmJ6TShyaD69VE9DQrlXcdkvJbmwWPB8qYj0H2kaJi29O7vJT9ajSdBd2W8CG34pwL9pYA74fi7RHC1qbLoVQ==",
      "dependencies": [
        "@babel/helper-string-parser",
        "@babel/helper-validator-identifier"
      ]
    },
    "@emnapi/core@1.8.1": {
      "integrity": "sha512-AvT9QFpxK0Zd8J0jopedNm+w/2fIzvtPKPjqyw9jwvBaReTTqPBk9Hixaz7KbjimP+QNz605/XnjFcDAL2pqBg==",
      "dependencies": [
        "@emnapi/wasi-threads",
        "tslib"
      ]
    },
    "@emnapi/runtime@1.8.1": {
      "integrity": "sha512-mehfKSMWjjNol8659Z8KxEMrdSJDDot5SXMq00dM8BN4o+CLNXQ0xH2V7EchNHV4RmbZLmmPdEaXZc5H2FXmDg==",
      "dependencies": [
        "tslib"
      ]
    },
    "@emnapi/wasi-threads@1.1.0": {
      "integrity": "sha512-WI0DdZ8xFSbgMjR1sFsKABJ/C5OnRrjT06JXbZKexJGrDuPTzZdDYfFlsgcCXCyf+suG5QU2e/y1Wo2V/OapLQ==",
      "dependencies": [
        "tslib"
      ]
    },
    "@esbuild/aix-ppc64@0.25.5": {
      "integrity": "sha512-9o3TMmpmftaCMepOdA5k/yDw8SfInyzWWTjYTFCX3kPSDJMROQTb8jg+h9Cnwnmm1vOzvxN7gIfB5V2ewpjtGA==",
      "os": ["aix"],
      "cpu": ["ppc64"]
    },
    "@esbuild/android-arm64@0.25.5": {
      "integrity": "sha512-VGzGhj4lJO+TVGV1v8ntCZWJktV7SGCs3Pn1GRWI1SBFtRALoomm8k5E9Pmwg3HOAal2VDc2F9+PM/rEY6oIDg==",
      "os": ["android"],
      "cpu": ["arm64"]
    },
    "@esbuild/android-arm@0.25.5": {
      "integrity": "sha512-AdJKSPeEHgi7/ZhuIPtcQKr5RQdo6OO2IL87JkianiMYMPbCtot9fxPbrMiBADOWWm3T2si9stAiVsGbTQFkbA==",
      "os": ["android"],
      "cpu": ["arm"]
    },
    "@esbuild/android-x64@0.25.5": {
      "integrity": "sha512-D2GyJT1kjvO//drbRT3Hib9XPwQeWd9vZoBJn+bu/lVsOZ13cqNdDeqIF/xQ5/VmWvMduP6AmXvylO/PIc2isw==",
      "os": ["android"],
      "cpu": ["x64"]
    },
    "@esbuild/darwin-arm64@0.25.5": {
      "integrity": "sha512-GtaBgammVvdF7aPIgH2jxMDdivezgFu6iKpmT+48+F8Hhg5J/sfnDieg0aeG/jfSvkYQU2/pceFPDKlqZzwnfQ==",
      "os": ["darwin"],
      "cpu": ["arm64"]
    },
    "@esbuild/darwin-x64@0.25.5": {
      "integrity": "sha512-1iT4FVL0dJ76/q1wd7XDsXrSW+oLoquptvh4CLR4kITDtqi2e/xwXwdCVH8hVHU43wgJdsq7Gxuzcs6Iq/7bxQ==",
      "os": ["darwin"],
      "cpu": ["x64"]
    },
    "@esbuild/freebsd-arm64@0.25.5": {
      "integrity": "sha512-nk4tGP3JThz4La38Uy/gzyXtpkPW8zSAmoUhK9xKKXdBCzKODMc2adkB2+8om9BDYugz+uGV7sLmpTYzvmz6Sw==",
      "os": ["freebsd"],
      "cpu": ["arm64"]
    },
    "@esbuild/freebsd-x64@0.25.5": {
      "integrity": "sha512-PrikaNjiXdR2laW6OIjlbeuCPrPaAl0IwPIaRv+SMV8CiM8i2LqVUHFC1+8eORgWyY7yhQY+2U2fA55mBzReaw==",
      "os": ["freebsd"],
      "cpu": ["x64"]
    },
    "@esbuild/linux-arm64@0.25.5": {
      "integrity": "sha512-Z9kfb1v6ZlGbWj8EJk9T6czVEjjq2ntSYLY2cw6pAZl4oKtfgQuS4HOq41M/BcoLPzrUbNd+R4BXFyH//nHxVg==",
      "os": ["linux"],
      "cpu": ["arm64"]
    },
    "@esbuild/linux-arm@0.25.5": {
      "integrity": "sha512-cPzojwW2okgh7ZlRpcBEtsX7WBuqbLrNXqLU89GxWbNt6uIg78ET82qifUy3W6OVww6ZWobWub5oqZOVtwolfw==",
      "os": ["linux"],
      "cpu": ["arm"]
    },
    "@esbuild/linux-ia32@0.25.5": {
      "integrity": "sha512-sQ7l00M8bSv36GLV95BVAdhJ2QsIbCuCjh/uYrWiMQSUuV+LpXwIqhgJDcvMTj+VsQmqAHL2yYaasENvJ7CDKA==",
      "os": ["linux"],
      "cpu": ["ia32"]
    },
    "@esbuild/linux-loong64@0.25.5": {
      "integrity": "sha512-0ur7ae16hDUC4OL5iEnDb0tZHDxYmuQyhKhsPBV8f99f6Z9KQM02g33f93rNH5A30agMS46u2HP6qTdEt6Q1kg==",
      "os": ["linux"],
      "cpu": ["loong64"]
    },
    "@esbuild/linux-mips64el@0.25.5": {
      "integrity": "sha512-kB/66P1OsHO5zLz0i6X0RxlQ+3cu0mkxS3TKFvkb5lin6uwZ/ttOkP3Z8lfR9mJOBk14ZwZ9182SIIWFGNmqmg==",
      "os": ["linux"],
      "cpu": ["mips64el"]
    },
    "@esbuild/linux-ppc64@0.25.5": {
      "integrity": "sha512-UZCmJ7r9X2fe2D6jBmkLBMQetXPXIsZjQJCjgwpVDz+YMcS6oFR27alkgGv3Oqkv07bxdvw7fyB71/olceJhkQ==",
      "os": ["linux"],
      "cpu": ["ppc64"]
    },
    "@esbuild/linux-riscv64@0.25.5": {
      "integrity": "sha512-kTxwu4mLyeOlsVIFPfQo+fQJAV9mh24xL+y+Bm6ej067sYANjyEw1dNHmvoqxJUCMnkBdKpvOn0Ahql6+4VyeA==",
      "os": ["linux"],
      "cpu": ["riscv64"]
    },
    "@esbuild/linux-s390x@0.25.5": {
      "integrity": "sha512-K2dSKTKfmdh78uJ3NcWFiqyRrimfdinS5ErLSn3vluHNeHVnBAFWC8a4X5N+7FgVE1EjXS1QDZbpqZBjfrqMTQ==",
      "os": ["linux"],
      "cpu": ["s390x"]
    },
    "@esbuild/linux-x64@0.25.5": {
      "integrity": "sha512-uhj8N2obKTE6pSZ+aMUbqq+1nXxNjZIIjCjGLfsWvVpy7gKCOL6rsY1MhRh9zLtUtAI7vpgLMK6DxjO8Qm9lJw==",
      "os": ["linux"],
      "cpu": ["x64"]
    },
    "@esbuild/netbsd-arm64@0.25.5": {
      "integrity": "sha512-pwHtMP9viAy1oHPvgxtOv+OkduK5ugofNTVDilIzBLpoWAM16r7b/mxBvfpuQDpRQFMfuVr5aLcn4yveGvBZvw==",
      "os": ["netbsd"],
      "cpu": ["arm64"]
    },
    "@esbuild/netbsd-x64@0.25.5": {
      "integrity": "sha512-WOb5fKrvVTRMfWFNCroYWWklbnXH0Q5rZppjq0vQIdlsQKuw6mdSihwSo4RV/YdQ5UCKKvBy7/0ZZYLBZKIbwQ==",
      "os": ["netbsd"],
      "cpu": ["x64"]
    },
    "@esbuild/openbsd-arm64@0.25.5": {
      "integrity": "sha512-7A208+uQKgTxHd0G0uqZO8UjK2R0DDb4fDmERtARjSHWxqMTye4Erz4zZafx7Di9Cv+lNHYuncAkiGFySoD+Mw==",
      "os": ["openbsd"],
      "cpu": ["arm64"]
    },
    "@esbuild/openbsd-x64@0.25.5": {
      "integrity": "sha512-G4hE405ErTWraiZ8UiSoesH8DaCsMm0Cay4fsFWOOUcz8b8rC6uCvnagr+gnioEjWn0wC+o1/TAHt+It+MpIMg==",
      "os": ["openbsd"],
      "cpu": ["x64"]
    },
    "@esbuild/sunos-x64@0.25.5": {
      "integrity": "sha512-l+azKShMy7FxzY0Rj4RCt5VD/q8mG/e+mDivgspo+yL8zW7qEwctQ6YqKX34DTEleFAvCIUviCFX1SDZRSyMQA==",
      "os": ["sunos"],
      "cpu": ["x64"]
    },
    "@esbuild/win32-arm64@0.25.5": {
      "integrity": "sha512-O2S7SNZzdcFG7eFKgvwUEZ2VG9D/sn/eIiz8XRZ1Q/DO5a3s76Xv0mdBzVM5j5R639lXQmPmSo0iRpHqUUrsxw==",
      "os": ["win32"],
      "cpu": ["arm64"]
    },
    "@esbuild/win32-ia32@0.25.5": {
      "integrity": "sha512-onOJ02pqs9h1iMJ1PQphR+VZv8qBMQ77Klcsqv9CNW2w6yLqoURLcgERAIurY6QE63bbLuqgP9ATqajFLK5AMQ==",
      "os": ["win32"],
      "cpu": ["ia32"]
    },
    "@esbuild/win32-x64@0.25.5": {
      "integrity": "sha512-TXv6YnJ8ZMVdX+SXWVBo/0p8LTcrUYngpWjvm91TMjjBQii7Oz11Lw5lbDV5Y0TzuhSJHwiH4hEtC1I42mMS0g==",
      "os": ["win32"],
      "cpu": ["x64"]
    },
    "@inquirer/ansi@1.0.2": {
      "integrity": "sha512-S8qNSZiYzFd0wAcyG5AXCvUHC5Sr7xpZ9wZ2py9XR88jUz8wooStVx5M6dRzczbBWjic9NP7+rY0Xi7qqK/aMQ=="
    },
    "@inquirer/confirm@5.1.21": {
      "integrity": "sha512-KR8edRkIsUayMXV+o3Gv+q4jlhENF9nMYUZs9PA2HzrXeHI8M5uDag70U7RJn9yyiMZSbtF5/UexBtAVtZGSbQ==",
      "dependencies": [
        "@inquirer/core",
        "@inquirer/type"
      ]
    },
    "@inquirer/core@10.3.2": {
      "integrity": "sha512-43RTuEbfP8MbKzedNqBrlhhNKVwoK//vUFNW3Q3vZ88BLcrs4kYpGg+B2mm5p2K/HfygoCxuKwJJiv8PbGmE0A==",
      "dependencies": [
        "@inquirer/ansi",
        "@inquirer/figures",
        "@inquirer/type",
        "cli-width",
        "mute-stream",
        "signal-exit",
        "wrap-ansi@6.2.0",
        "yoctocolors-cjs"
      ]
    },
    "@inquirer/figures@1.0.15": {
      "integrity": "sha512-t2IEY+unGHOzAaVM5Xx6DEWKeXlDDcNPeDyUpsRc6CUhBfU3VQOEl+Vssh7VNp1dR8MdUJBWhuObjXCsVpjN5g=="
    },
    "@inquirer/type@3.0.10": {
      "integrity": "sha512-BvziSRxfz5Ov8ch0z/n3oijRSEcEsHnhggm4xFZe93DHcUCTlutlq9Ox4SVENAfcRD22UQq7T/atg9Wr3k09eA=="
    },
    "@jridgewell/gen-mapping@0.3.13": {
      "integrity": "sha512-2kkt/7niJ6MgEPxF0bYdQ6etZaA+fQvDcLKckhy1yIQOzaoKjBBjSj63/aLVjYE3qhRt5dvM+uUyfCg6UKCBbA==",
      "dependencies": [
        "@jridgewell/sourcemap-codec",
        "@jridgewell/trace-mapping"
      ]
    },
    "@jridgewell/remapping@2.3.5": {
      "integrity": "sha512-LI9u/+laYG4Ds1TDKSJW2YPrIlcVYOwi2fUC6xB43lueCjgxV4lffOCZCtYFiH6TNOX+tQKXx97T4IKHbhyHEQ==",
      "dependencies": [
        "@jridgewell/gen-mapping",
        "@jridgewell/trace-mapping"
      ]
    },
    "@jridgewell/resolve-uri@3.1.2": {
      "integrity": "sha512-bRISgCIjP20/tbWSPWMEi54QVPRZExkuD9lJL+UIxUKtwVJA8wW1Trb1jMs1RFXo1CBTNZ/5hpC9QvmKWdopKw=="
    },
    "@jridgewell/sourcemap-codec@1.5.5": {
      "integrity": "sha512-cYQ9310grqxueWbl+WuIUIaiUaDcj7WOq5fVhEljNVgRfOUhY9fy2zTvfoqWsnebh8Sl70VScFbICvJnLKB0Og=="
    },
    "@jridgewell/trace-mapping@0.3.31": {
      "integrity": "sha512-zzNR+SdQSDJzc8joaeP8QQoCQr8NuYx2dIIytl1QeBEZHJ9uW6hebsrYgbz8hJwUQao3TWCMtmfV8Nu1twOLAw==",
      "dependencies": [
        "@jridgewell/resolve-uri",
        "@jridgewell/sourcemap-codec"
      ]
    },
    "@mswjs/interceptors@0.41.3": {
      "integrity": "sha512-cXu86tF4VQVfwz8W1SPbhoRyHJkti6mjH/XJIxp40jhO4j2k1m4KYrEykxqWPkFF3vrK4rgQppBh//AwyGSXPA==",
      "dependencies": [
        "@open-draft/deferred-promise",
        "@open-draft/logger",
        "@open-draft/until",
        "is-node-process",
        "outvariant",
        "strict-event-emitter"
      ]
    },
    "@napi-rs/wasm-runtime@1.1.1": {
      "integrity": "sha512-p64ah1M1ld8xjWv3qbvFwHiFVWrq1yFvV4f7w+mzaqiR4IlSgkqhcRdHwsGgomwzBH51sRY4NEowLxnaBjcW/A==",
      "dependencies": [
        "@emnapi/core",
        "@emnapi/runtime",
        "@tybys/wasm-util"
      ]
    },
    "@open-draft/deferred-promise@2.2.0": {
      "integrity": "sha512-CecwLWx3rhxVQF6V4bAgPS5t+So2sTbPgAzafKkVizyi7tlwpcFpdFqq+wqF2OwNBmqFuu6tOyouTuxgpMfzmA=="
    },
    "@open-draft/logger@0.3.0": {
      "integrity": "sha512-X2g45fzhxH238HKO4xbSr7+wBS8Fvw6ixhTDuvLd5mqh6bJJCFAPwU9mPDxbcrRtfxv4u5IHCEH77BmxvXmmxQ==",
      "dependencies": [
        "is-node-process",
        "outvariant"
      ]
    },
    "@open-draft/until@2.1.0": {
      "integrity": "sha512-U69T3ItWHvLwGg5eJ0n3I62nWuE6ilHlmz7zM0npLBRvPRd7e6NYmg54vvRtP5mZG7kZqZCFVdsTWo7BPtBujg=="
    },
    "@opentelemetry/api@1.9.0": {
      "integrity": "sha512-3giAOQvZiH5F9bMlMiv8+GSPMeqg0dbaeo58/0SlA9sxSqZhnUtxzX9/2FzyhS9sWQf5S0GJE0AKBrFqjpeYcg=="
    },
    "@oxc-parser/binding-android-arm-eabi@0.115.0": {
      "integrity": "sha512-VoB2rhgoqgYf64d6Qs5emONQW8ASiTc0xp+aUE4JUhxjX+0pE3gblTYDO0upcN5vt9UlBNmUhAwfSifkfre7nw==",
      "os": ["android"],
      "cpu": ["arm"]
    },
    "@oxc-parser/binding-android-arm64@0.115.0": {
      "integrity": "sha512-lWRX75u+gqfB4TF3pWCHuvhaeneAmRl2b2qNBcl4S6yJ0HtnT4VXOMEZrq747i4Zby1ZTxj6mtOe678Bg8gRLw==",
      "os": ["android"],
      "cpu": ["arm64"]
    },
    "@oxc-parser/binding-darwin-arm64@0.115.0": {
      "integrity": "sha512-ii/oOZjfGY1aszXTy29Z5DRyCEnBOrAXDVCvfdfXFQsOZlbbOa7NMHD7D+06YFe5qdxfmbWAYv4yn6QJi/0d2g==",
      "os": ["darwin"],
      "cpu": ["arm64"]
    },
    "@oxc-parser/binding-darwin-x64@0.115.0": {
      "integrity": "sha512-R/sW/p8l77wglbjpMcF+h/3rWbp9zk1mRP3U14mxTYIC2k3m+aLBpXXgk2zksqf9qKk5mcc4GIYsuCn9l8TgDg==",
      "os": ["darwin"],
      "cpu": ["x64"]
    },
    "@oxc-parser/binding-freebsd-x64@0.115.0": {
      "integrity": "sha512-CSJ5ldNm9wIGGkhaIJeGmxRMZbgxThRN+X1ufYQQUNi5jZDV/U3C2QDMywpP93fczNBj961hXtcUPO/oVGq4Pw==",
      "os": ["freebsd"],
      "cpu": ["x64"]
    },
    "@oxc-parser/binding-linux-arm-gnueabihf@0.115.0": {
      "integrity": "sha512-uWFwssE5dHfQ8lH+ktrsD9JA49+Qa0gtxZHUs62z1e91NgGz6O7jefHGI6aygNyKNS45pnnBSDSP/zV977MsOQ==",
      "os": ["linux"],
      "cpu": ["arm"]
    },
    "@oxc-parser/binding-linux-arm-musleabihf@0.115.0": {
      "integrity": "sha512-fZbqt8y/sKQ+v6bBCuv/mYYFoC0+fZI3mGDDEemmDOhT78+aUs2+4ZMdbd2btlXmnLaScl37r8IRbhnok5Ka9w==",
      "os": ["linux"],
      "cpu": ["arm"]
    },
    "@oxc-parser/binding-linux-arm64-gnu@0.115.0": {
      "integrity": "sha512-1ej/MjuTY9tJEunU/hUPIFmgH5PqgMQoRjNOvOkibtJ3Zqlw/+Lc+HGHDNET8sjbgIkWzdhX+p4J96A5CPdbag==",
      "os": ["linux"],
      "cpu": ["arm64"]
    },
    "@oxc-parser/binding-linux-arm64-musl@0.115.0": {
      "integrity": "sha512-HjsZbJPH9mMd4swJRywVMsDZsJX0hyKb1iNHo5ijRl5yhtbO3lj7ImSrrL1oZ1VEg0te4iKmDGGz/6YPLd1G8w==",
      "os": ["linux"],
      "cpu": ["arm64"]
    },
    "@oxc-parser/binding-linux-ppc64-gnu@0.115.0": {
      "integrity": "sha512-zhhePoBrd7kQx3oClX/W6NldsuCbuMqaN9rRsY+6/WoorAb4j490PG/FjqgAXscWp2uSW2WV9L+ksn0wHrvsrg==",
      "os": ["linux"],
      "cpu": ["ppc64"]
    },
    "@oxc-parser/binding-linux-riscv64-gnu@0.115.0": {
      "integrity": "sha512-t/IRojvUE9XrKu+/H1b8YINug+7Q6FLls5rsm2lxB5mnS8GN/eYAYrPgHkcg9/1SueRDSzGpDYu3lGWTObk1zw==",
      "os": ["linux"],
      "cpu": ["riscv64"]
    },
    "@oxc-parser/binding-linux-riscv64-musl@0.115.0": {
      "integrity": "sha512-79jBHSSh/YpQRAmvYoaCfpyToRbJ/HBrdB7hxK2ku2JMehjopTVo+xMJss/RV7/ZYqeezgjvKDQzapJbgcjVZA==",
      "os": ["linux"],
      "cpu": ["riscv64"]
    },
    "@oxc-parser/binding-linux-s390x-gnu@0.115.0": {
      "integrity": "sha512-nA1TpxkhNTIOMMyiSSsa7XIVJVoOU/SsVrHIz3gHvWweB5PHCQfO7w+Lb2EP0lBWokv7HtA/KbF7aLDoXzmuMw==",
      "os": ["linux"],
      "cpu": ["s390x"]
    },
    "@oxc-parser/binding-linux-x64-gnu@0.115.0": {
      "integrity": "sha512-9iVX789DoC3SaOOG+X6NcF/tVChgLp2vcHffzOC2/Z1JTPlz6bMG2ogvcW6/9s0BG2qvhNQImd+gbWYeQbOwVw==",
      "os": ["linux"],
      "cpu": ["x64"]
    },
    "@oxc-parser/binding-linux-x64-musl@0.115.0": {
      "integrity": "sha512-RmQmk+mjCB0nMNfEYhaCxwofLo1Z95ebHw1AGvRiWGCd4zhCNOyskgCbMogIcQzSB3SuEKWgkssyaiQYVAA4hQ==",
      "os": ["linux"],
      "cpu": ["x64"]
    },
    "@oxc-parser/binding-openharmony-arm64@0.115.0": {
      "integrity": "sha512-viigraWWQhhDvX5aGq+wrQq58k00Xq3MHz/0R4AFMxGlZ8ogNonpEfNc73Q5Ly87Z6sU9BvxEdG0dnYTfVnmew==",
      "os": ["openharmony"],
      "cpu": ["arm64"]
    },
    "@oxc-parser/binding-wasm32-wasi@0.115.0": {
      "integrity": "sha512-IzGCrMwXhpb4kTXy/8lnqqqwjI7eOvy+r9AhVw+hsr8t1ecBBEHprcNy0aKatFHN6hsX7UMHHQmBAQjVvL/p1A==",
      "dependencies": [
        "@napi-rs/wasm-runtime"
      ],
      "cpu": ["wasm32"]
    },
    "@oxc-parser/binding-win32-arm64-msvc@0.115.0": {
      "integrity": "sha512-/ym+Absk/TLFvbhh3se9XYuI1D7BrUVHw4RaG/2dmWKgBenrZHaJsgnRb7NJtaOyjEOLIPtULx1wDdVL0SX2eg==",
      "os": ["win32"],
      "cpu": ["arm64"]
    },
    "@oxc-parser/binding-win32-ia32-msvc@0.115.0": {
      "integrity": "sha512-AQSZjIR+b+Te7uaO/hGTMjT8/oxlYrvKrOTi4KTHF/O6osjHEatUQ3y6ZW2+8+lJxy20zIcGz6iQFmFq/qDKkg==",
      "os": ["win32"],
      "cpu": ["ia32"]
    },
    "@oxc-parser/binding-win32-x64-msvc@0.115.0": {
      "integrity": "sha512-oxUl82N+fIO9jIaXPph8SPPHQXrA08BHokBBJW8ct9F/x6o6bZE6eUAhUtWajbtvFhL8UYcCWRMba+kww6MBlA==",
      "os": ["win32"],
      "cpu": ["x64"]
    },
    "@oxc-project/types@0.114.0": {
      "integrity": "sha512-//nBfbzHQHvJs8oFIjv6coZ6uxQ4alLfiPe6D5vit6c4pmxATHHlVwgB1k+Hv4yoAMyncdxgRBF5K4BYWUCzvA=="
    },
    "@oxc-project/types@0.115.0": {
      "integrity": "sha512-4n91DKnebUS4yjUHl2g3/b2T+IUdCfmoZGhmwsovZCDaJSs+QkVAM+0AqqTxHSsHfeiMuueT75cZaZcT/m0pSw=="
    },
    "@oxc-transform/binding-android-arm-eabi@0.115.0": {
      "integrity": "sha512-CFsCfptAidZ7gocyIFgxu9/ZW0DbiS18Qf+CLN2ubydl7hNfRD67ucWaj9atbAC5tv/nlA334CHg65KdcCC4pg==",
      "os": ["android"],
      "cpu": ["arm"]
    },
    "@oxc-transform/binding-android-arm64@0.115.0": {
      "integrity": "sha512-M1Bu+QBMPXT4/FyX/29CO3uOGD2NTo7Q1YZx5JcPC9eNdCIwAAncPdTg79kDv0FX4szh+ErENqkZsENC51RUNg==",
      "os": ["android"],
      "cpu": ["arm64"]
    },
    "@oxc-transform/binding-darwin-arm64@0.115.0": {
      "integrity": "sha512-iNwKrNVaLaDqCjY3R1ocCiRZKAOGAQ3R3nGT1Zl61yT53J+RmZJ+/f14OGUXw1UXDlIQouDNRyn9r2Bl0Z7VfA==",
      "os": ["darwin"],
      "cpu": ["arm64"]
    },
    "@oxc-transform/binding-darwin-x64@0.115.0": {
      "integrity": "sha512-lvkmPOVja13q95P4zHwEmYl4MfS7AujnNmkY5akfQVrcAmqbfWNOEEcTPWgYIgZI8o7XZ/pnawFCC9L5XHBP1g==",
      "os": ["darwin"],
      "cpu": ["x64"]
    },
    "@oxc-transform/binding-freebsd-x64@0.115.0": {
      "integrity": "sha512-RrjEZWZThslwX1YDo949Bt+VxhOZ2aty9++SZfBSdTaGKx0+Uh9mLfFkT8ErgTmt+1UBm0U2WLw15Cg5Z2hOXA==",
      "os": ["freebsd"],
      "cpu": ["x64"]
    },
    "@oxc-transform/binding-linux-arm-gnueabihf@0.115.0": {
      "integrity": "sha512-4XJUs+0dN51bKwoztD9auEXTcbvLxK1BVPQAWv6HVWcdP9Ywo1fM+A7tloV3lVSyUykKRM7osWaibTm2ID0nOQ==",
      "os": ["linux"],
      "cpu": ["arm"]
    },
    "@oxc-transform/binding-linux-arm-musleabihf@0.115.0": {
      "integrity": "sha512-NOUJM33SGYraa6cjuWYUCKYVu0vQrSYkbNoXS5JVeIOTU17zCNYBhpFQtB5b08LRgvKaLQ1EaWfmjugaF0IRVA==",
      "os": ["linux"],
      "cpu": ["arm"]
    },
    "@oxc-transform/binding-linux-arm64-gnu@0.115.0": {
      "integrity": "sha512-zb/KNpjdnQQp8QBO7ecHYuAVCYA7K8QVTSU1w4T2/cBZQT3GqdWhCNsO4Leg4cEFbOZpfQ4J8JIqAOplD9l0KA==",
      "os": ["linux"],
      "cpu": ["arm64"]
    },
    "@oxc-transform/binding-linux-arm64-musl@0.115.0": {
      "integrity": "sha512-90YLnHik4edrkj7YqeNzPqGctoiCRUCFKmQ/q/fVjAdNBdOvpWI75pnS6FLLDtHPmlYm2zh6CuXRzNN2QhY0Hw==",
      "os": ["linux"],
      "cpu": ["arm64"]
    },
    "@oxc-transform/binding-linux-ppc64-gnu@0.115.0": {
      "integrity": "sha512-ZZSb0GvknqLM2m7+6f5a+ZrYzykOtQRdjPIehBnqMyzzolJ/3FmjxQRnC1kYGHgUonZblwUiNsuy+RB2TKt19A==",
      "os": ["linux"],
      "cpu": ["ppc64"]
    },
    "@oxc-transform/binding-linux-riscv64-gnu@0.115.0": {
      "integrity": "sha512-RtGKWC9JwrQexWFAanKeq+128trdFaAGzfaoy5EHo/EFTWlqKoX+jK8SreOOiubCmWbXvOX3AJU/a/R5Oy3bJw==",
      "os": ["linux"],
      "cpu": ["riscv64"]
    },
    "@oxc-transform/binding-linux-riscv64-musl@0.115.0": {
      "integrity": "sha512-okECB5ASDJfbqqJKX3EBqKbtTAWa/vg66rly04ZKxI5QS/OiSFnr6zu5DcPt6L+Ud3BVIai3anwZcQy0fxAC4Q==",
      "os": ["linux"],
      "cpu": ["riscv64"]
    },
    "@oxc-transform/binding-linux-s390x-gnu@0.115.0": {
      "integrity": "sha512-ZGQU80swaqpzavPRBrf9R35XFbIw7Uug5dc7JwaD/EwlvHfSv0/Knq7WIw/jh/uJz3zebrDvz93xAlFNFY05bg==",
      "os": ["linux"],
      "cpu": ["s390x"]
    },
    "@oxc-transform/binding-linux-x64-gnu@0.115.0": {
      "integrity": "sha512-QiNg+Vfk5cKzbYUXbMTMSjIWMuFN5hL/p5mbTgE3wqEEbWCE5UATAXYA1jUjIJsuhbvwfrFPQNU6nkZKd+PxFA==",
      "os": ["linux"],
      "cpu": ["x64"]
    },
    "@oxc-transform/binding-linux-x64-musl@0.115.0": {
      "integrity": "sha512-E94iYuIfL7YN8J/AP8PjuHLeCuGZ9xFcp4ZRcR6YQSj/GG9w3TdfRvcMYs5mtmboobags8OdTzD2OLSuVjQ5/Q==",
      "os": ["linux"],
      "cpu": ["x64"]
    },
    "@oxc-transform/binding-openharmony-arm64@0.115.0": {
      "integrity": "sha512-0BKSbzb0gevkgCSbF3lwaJ8hsj01B1LTwDLMGcNudFbEXRLwDYV9+xZuEMREKfTnepekG4hpHVtZptPoHnyYlA==",
      "os": ["openharmony"],
      "cpu": ["arm64"]
    },
    "@oxc-transform/binding-wasm32-wasi@0.115.0": {
      "integrity": "sha512-66OinPM4XIxr081dxJdF34r5wOsBeBcDA6Gq3XaMHrRZVfWwszPdtOJdJbTQdtSAKp5EX4nbyMzkOyOxOgGDwg==",
      "dependencies": [
        "@napi-rs/wasm-runtime"
      ],
      "cpu": ["wasm32"]
    },
    "@oxc-transform/binding-win32-arm64-msvc@0.115.0": {
      "integrity": "sha512-cau2HGUcaM4m4T+YD3xEjSC/GZJkHEktpIARdYxLFXoFxyXx3ydr0sIcxPtO7NT5VnLerK9ni9ZDReCYMiRpOQ==",
      "os": ["win32"],
      "cpu": ["arm64"]
    },
    "@oxc-transform/binding-win32-ia32-msvc@0.115.0": {
      "integrity": "sha512-GYuQex3X/BjLjW0WiR0ZtVN6ibWB3n0tp9/pgfLwKF89QzLwU54DYpIkIXyNxBNJLe8k+tuqLpouKHhsTakkzw==",
      "os": ["win32"],
      "cpu": ["ia32"]
    },
    "@oxc-transform/binding-win32-x64-msvc@0.115.0": {
      "integrity": "sha512-ZkD1mNE/Glts01TGIuCXbGXmf1mkZ/uk9MIWfCQCSSgn9CV2iICHpSoSn5h5FTdDQ3df+KI5GKehSe0sDhNvww==",
      "os": ["win32"],
      "cpu": ["x64"]
    },
    "@rolldown/binding-android-arm64@1.0.0-rc.5": {
      "integrity": "sha512-zCEmUrt1bggwgBgeKLxNj217J1OrChrp3jJt24VK9jAharSTeVaHODNL+LpcQVhRz+FktYWfT9cjo5oZ99ZLpg==",
      "os": ["android"],
      "cpu": ["arm64"]
    },
    "@rolldown/binding-darwin-arm64@1.0.0-rc.5": {
      "integrity": "sha512-ZP9xb9lPAex36pvkNWCjSEJW/Gfdm9I3ssiqOFLmpZ/vosPXgpoGxCmh+dX1Qs+/bWQE6toNFXWWL8vYoKoK9Q==",
      "os": ["darwin"],
      "cpu": ["arm64"]
    },
    "@rolldown/binding-darwin-x64@1.0.0-rc.5": {
      "integrity": "sha512-7IdrPunf6dp9mywMgTOKMMGDnMHQ6+h5gRl6LW8rhD8WK2kXX0IwzcM5Zc0B5J7xQs8QWOlKjv8BJsU/1CD3pg==",
      "os": ["darwin"],
      "cpu": ["x64"]
    },
    "@rolldown/binding-freebsd-x64@1.0.0-rc.5": {
      "integrity": "sha512-o/JCk+dL0IN68EBhZ4DqfsfvxPfMeoM6cJtxORC1YYoxGHZyth2Kb2maXDb4oddw2wu8iIbnYXYPEzBtAF5CAg==",
      "os": ["freebsd"],
      "cpu": ["x64"]
    },
    "@rolldown/binding-linux-arm-gnueabihf@1.0.0-rc.5": {
      "integrity": "sha512-IIBwTtA6VwxQLcEgq2mfrUgam7VvPZjhd/jxmeS1npM+edWsrrpRLHUdze+sk4rhb8/xpP3flemgcZXXUW6ukw==",
      "os": ["linux"],
      "cpu": ["arm"]
    },
    "@rolldown/binding-linux-arm64-gnu@1.0.0-rc.5": {
      "integrity": "sha512-KSol1De1spMZL+Xg7K5IBWXIvRWv7+pveaxFWXpezezAG7CS6ojzRjtCGCiLxQricutTAi/LkNWKMsd2wNhMKQ==",
      "os": ["linux"],
      "cpu": ["arm64"]
    },
    "@rolldown/binding-linux-arm64-musl@1.0.0-rc.5": {
      "integrity": "sha512-WFljyDkxtXRlWxMjxeegf7xMYXxUr8u7JdXlOEWKYgDqEgxUnSEsVDxBiNWQ1D5kQKwf8Wo4sVKEYPRhCdsjwA==",
      "os": ["linux"],
      "cpu": ["arm64"]
    },
    "@rolldown/binding-linux-x64-gnu@1.0.0-rc.5": {
      "integrity": "sha512-CUlplTujmbDWp2gamvrqVKi2Or8lmngXT1WxsizJfts7JrvfGhZObciaY/+CbdbS9qNnskvwMZNEhTPrn7b+WA==",
      "os": ["linux"],
      "cpu": ["x64"]
    },
    "@rolldown/binding-linux-x64-musl@1.0.0-rc.5": {
      "integrity": "sha512-wdf7g9NbVZCeAo2iGhsjJb7I8ZFfs6X8bumfrWg82VK+8P6AlLXwk48a1ASiJQDTS7Svq2xVzZg3sGO2aXpHRA==",
      "os": ["linux"],
      "cpu": ["x64"]
    },
    "@rolldown/binding-openharmony-arm64@1.0.0-rc.5": {
      "integrity": "sha512-0CWY7ubu12nhzz+tkpHjoG3IRSTlWYe0wrfJRf4qqjqQSGtAYgoL9kwzdvlhaFdZ5ffVeyYw9qLsChcjUMEloQ==",
      "os": ["openharmony"],
      "cpu": ["arm64"]
    },
    "@rolldown/binding-wasm32-wasi@1.0.0-rc.5": {
      "integrity": "sha512-LztXnGzv6t2u830mnZrFLRVqT/DPJ9DL4ZTz/y93rqUVkeHjMMYIYaFj+BUthiYxbVH9dH0SZYufETspKY/NhA==",
      "dependencies": [
        "@napi-rs/wasm-runtime"
      ],
      "cpu": ["wasm32"]
    },
    "@rolldown/binding-win32-arm64-msvc@1.0.0-rc.5": {
      "integrity": "sha512-jUct1XVeGtyjqJXEAfvdFa8xoigYZ2rge7nYEm70ppQxpfH9ze2fbIrpHmP2tNM2vL/F6Dd0CpXhpjPbC6bSxQ==",
      "os": ["win32"],
      "cpu": ["arm64"]
    },
    "@rolldown/binding-win32-x64-msvc@1.0.0-rc.5": {
      "integrity": "sha512-VQ8F9ld5gw29epjnVGdrx8ugiLTe8BMqmhDYy7nGbdeDo4HAt4bgdZvLbViEhg7DZyHLpiEUlO5/jPSUrIuxRQ==",
      "os": ["win32"],
      "cpu": ["x64"]
    },
    "@rolldown/pluginutils@1.0.0-rc.5": {
      "integrity": "sha512-RxlLX/DPoarZ9PtxVrQgZhPoor987YtKQqCo5zkjX+0S0yLJ7Vv515Wk6+xtTL67VONKJKxETWZwuZjss2idYw=="
    },
    "@sentry/core@10.40.0": {
      "integrity": "sha512-/wrcHPp9Avmgl6WBimPjS4gj810a1wU5oX9fF1bzJfeIIbF3jTsAbv0oMbgDp0cSDnkwv2+NvcPnn3+c5J6pBA=="
    },
    "@sentry/deno@10.40.0": {
      "integrity": "sha512-H662hFg1kyh2DYuIIQGiHEshPyFezVVEQmGmkz5mRyVCRlufAYHdwD4u0wESfR6ctM1riZ1ibXNcCsmqC7gUew==",
      "dependencies": [
        "@opentelemetry/api",
        "@sentry/core"
      ]
    },
    "@tybys/wasm-util@0.10.1": {
      "integrity": "sha512-9tTaPJLSiejZKx+Bmog4uSubteqTvFrVrURwkmHixBo0G4seD0zUxp98E1DzUBJxLQ3NPwXrGKDiVjwx/DpPsg==",
      "dependencies": [
        "tslib"
      ]
    },
    "@types/estree@1.0.8": {
      "integrity": "sha512-dWHzHa2WqEXI/O1E9OjrocMTKJl2mSrEolh1Iomrv6U+JuNwaHXsXx9bLu5gG7BUWFIN0skIQJQ/L1rIex4X6w=="
    },
    "@types/jsesc@2.5.1": {
      "integrity": "sha512-9VN+6yxLOPLOav+7PwjZbxiID2bVaeq0ED4qSQmdQTdjnXJSaCVKTR58t15oqH1H5t8Ng2ZX1SabJVoN9Q34bw=="
    },
    "@types/statuses@2.0.6": {
      "integrity": "sha512-xMAgYwceFhRA2zY+XbEA7mxYbA093wdiW8Vu6gZPGWy9cmOyU9XesH1tNcEWsKFd5Vzrqx5T3D38PWx1FIIXkA=="
    },
    "acorn@8.16.0": {
      "integrity": "sha512-UVJyE9MttOsBQIDKw1skb9nAwQuR5wuGD3+82K6JgJlm/Y+KI92oNsMNGZCYdDsVtRHSak0pcV5Dno5+4jh9sw==",
      "bin": true
    },
    "ansi-regex@5.0.1": {
      "integrity": "sha512-quJQXlTSUGL2LH9SUXo8VwsY4soanhgo6LNSm84E1LBcE8s3O0wpdiRzyR9z/ZZJMlMWv37qOOb9pdJlMUEKFQ=="
    },
    "ansi-styles@4.3.0": {
      "integrity": "sha512-zbB9rCJAT1rbjiVDb2hqKFHNYLxgtk8NURxZ3IZwD3F6NtxbXZQCnnSi1Lkx+IDohdPlFp222wVALIheZJQSEg==",
      "dependencies": [
        "color-convert"
      ]
    },
    "ast-kit@3.0.0-beta.1": {
      "integrity": "sha512-trmleAnZ2PxN/loHWVhhx1qeOHSRXq4TDsBBxq3GqeJitfk3+jTQ+v/C1km/KYq9M7wKqCewMh+/NAvVH7m+bw==",
      "dependencies": [
        "@babel/parser",
        "estree-walker",
        "pathe"
      ]
    },
    "birpc@4.0.0": {
      "integrity": "sha512-LShSxJP0KTmd101b6DRyGBj57LZxSDYWKitQNW/mi8GRMvZb078Uf9+pveax1DrVL89vm7mWe+TovdI/UDOuPw=="
    },
    "cli-width@4.1.0": {
      "integrity": "sha512-ouuZd4/dm2Sw5Gmqy6bGyNNNe1qt9RpmxveLSO7KcgsTnU7RXfsw+/bukWGo1abgBiMAic068rclZsO4IWmmxQ=="
    },
    "cliui@8.0.1": {
      "integrity": "sha512-BSeNnyus75C4//NQ9gQt1/csTXyo/8Sb+afLAkzAptFuMsod9HFokGNudZpi/oQV73hnVK+sR+5PVRMd+Dr7YQ==",
      "dependencies": [
        "string-width",
        "strip-ansi",
        "wrap-ansi@7.0.0"
      ]
    },
    "color-convert@2.0.1": {
      "integrity": "sha512-RRECPsj7iu/xb5oKYcsFHSppFNnsj/52OVTRKb4zP5onXwVF3zVmmToNcOfGC+CRDpfK/U584fMg38ZHCaElKQ==",
      "dependencies": [
        "color-name"
      ]
    },
    "color-name@1.1.4": {
      "integrity": "sha512-dOy+3AuW3a2wNbZHIuMZpTcgjGuLU/uBL/ubcZF9OXbDo8ff4O8yVp5Bf0efS8uEoYo5q4Fx7dY9OgQGXgAsQA=="
    },
    "cookie@1.1.1": {
      "integrity": "sha512-ei8Aos7ja0weRpFzJnEA9UHJ/7XQmqglbRwnf2ATjcB9Wq874VKH9kfjjirM6UhU2/E5fFYadylyhFldcqSidQ=="
    },
    "dts-resolver@2.1.3": {
      "integrity": "sha512-bihc7jPC90VrosXNzK0LTE2cuLP6jr0Ro8jk+kMugHReJVLIpHz/xadeq3MhuwyO4TD4OA3L1Q8pBBFRc08Tsw=="
    },
    "emoji-regex@8.0.0": {
      "integrity": "sha512-MSjYzcWNOA0ewAHpz0MxpYFvwg6yjy1NG3xteoqz644VCo/RPgnr1/GGt+ic3iJTzQ8Eu3TdM14SawnVUmGE6A=="
    },
    "esbuild@0.25.5": {
      "integrity": "sha512-P8OtKZRv/5J5hhz0cUAdu/cLuPIKXpQl1R9pZtvmHWQvrAUVd0UNIPT4IB4W3rNOqVO0rlqHmCIbSwxh/c9yUQ==",
      "optionalDependencies": [
        "@esbuild/aix-ppc64",
        "@esbuild/android-arm",
        "@esbuild/android-arm64",
        "@esbuild/android-x64",
        "@esbuild/darwin-arm64",
        "@esbuild/darwin-x64",
        "@esbuild/freebsd-arm64",
        "@esbuild/freebsd-x64",
        "@esbuild/linux-arm",
        "@esbuild/linux-arm64",
        "@esbuild/linux-ia32",
        "@esbuild/linux-loong64",
        "@esbuild/linux-mips64el",
        "@esbuild/linux-ppc64",
        "@esbuild/linux-riscv64",
        "@esbuild/linux-s390x",
        "@esbuild/linux-x64",
        "@esbuild/netbsd-arm64",
        "@esbuild/netbsd-x64",
        "@esbuild/openbsd-arm64",
        "@esbuild/openbsd-x64",
        "@esbuild/sunos-x64",
        "@esbuild/win32-arm64",
        "@esbuild/win32-ia32",
        "@esbuild/win32-x64"
      ],
      "scripts": true,
      "bin": true
    },
    "escalade@3.2.0": {
      "integrity": "sha512-WUj2qlxaQtO4g6Pq5c29GTcWGDyd8itL8zTlipgECz3JesAiiOKotd8JU6otB3PACgG6xkJUyVhboMS+bje/jA=="
    },
    "estree-walker@3.0.3": {
      "integrity": "sha512-7RUKfXgSMMkzt6ZuXmqapOurLGPPfgj6l9uRZ7lRGolvk0y2yocc35LdcxKC5PQZdn2DMqioAQ2NoWcrTKmm6g==",
      "dependencies": [
        "@types/estree"
      ]
    },
    "get-caller-file@2.0.5": {
      "integrity": "sha512-DyFP3BM/3YHTQOCUL/w0OZHR0lpKeGrxotcHWcqNEdnltqFwXVfhEBQ94eIo34AfQpo0rGki4cyIiftY06h2Fg=="
    },
    "get-tsconfig@4.13.6": {
      "integrity": "sha512-shZT/QMiSHc/YBLxxOkMtgSid5HFoauqCE3/exfsEcwg1WkeqjG+V40yBbBrsD+jW2HDXcs28xOfcbm2jI8Ddw==",
      "dependencies": [
        "resolve-pkg-maps"
      ]
    },
    "graphql@16.13.0": {
      "integrity": "sha512-uSisMYERbaB9bkA9M4/4dnqyktaEkf1kMHNKq/7DHyxVeWqHQ2mBmVqm5u6/FVHwF3iCNalKcg82Zfl+tffWoA=="
    },
    "headers-polyfill@4.0.3": {
      "integrity": "sha512-IScLbePpkvO846sIwOtOTDjutRMWdXdJmXdMvk6gCBHxFO8d+QKOQedyZSxFTTFYRSmlgSTDtXqqq4pcenBXLQ=="
    },
    "is-fullwidth-code-point@3.0.0": {
      "integrity": "sha512-zymm5+u+sCsSWyD9qNaejV3DFvhCKclKdizYaJUuHA83RLjb7nSuGnddCHGv0hk+KY7BMAlsWeK4Ueg6EV6XQg=="
    },
    "is-node-process@1.2.0": {
      "integrity": "sha512-Vg4o6/fqPxIjtxgUH5QLJhwZ7gW5diGCVlXpuUfELC62CuxM1iHcRe51f2W1FDy04Ai4KJkagKjx3XaqyfRKXw=="
    },
    "jsesc@3.1.0": {
      "integrity": "sha512-/sM3dO2FOzXjKQhJuo0Q173wf2KOo8t4I8vHy6lF9poUp7bKT0/NHE8fPX23PwfhnykfqnC2xRxOnVw5XuGIaA==",
      "bin": true
    },
    "magic-string@0.30.21": {
      "integrity": "sha512-vd2F4YUyEXKGcLHoq+TEyCjxueSeHnFxyyjNp80yg0XV4vUhnDer/lvvlqM/arB5bXQN5K2/3oinyCRyx8T2CQ==",
      "dependencies": [
        "@jridgewell/sourcemap-codec"
      ]
    },
    "msw@2.12.10_typescript@5.9.3": {
      "integrity": "sha512-G3VUymSE0/iegFnuipujpwyTM2GuZAKXNeerUSrG2+Eg391wW63xFs5ixWsK9MWzr1AGoSkYGmyAzNgbR3+urw==",
      "dependencies": [
        "@inquirer/confirm",
        "@mswjs/interceptors",
        "@open-draft/deferred-promise",
        "@types/statuses",
        "cookie",
        "graphql",
        "headers-polyfill",
        "is-node-process",
        "outvariant",
        "path-to-regexp",
        "picocolors",
        "rettime",
        "statuses",
        "strict-event-emitter",
        "tough-cookie",
        "type-fest",
        "typescript",
        "until-async",
        "yargs"
      ],
      "optionalPeers": [
        "typescript"
      ],
      "scripts": true,
      "bin": true
    },
    "mute-stream@2.0.0": {
      "integrity": "sha512-WWdIxpyjEn+FhQJQQv9aQAYlHoNVdzIzUySNV1gHUPDSdZJ3yZn7pAAbQcV7B56Mvu881q9FZV+0Vx2xC44VWA=="
    },
    "obug@2.1.1": {
      "integrity": "sha512-uTqF9MuPraAQ+IsnPf366RG4cP9RtUi7MLO1N3KEc+wb0a6yKpeL0lmk2IB1jY5KHPAlTc6T/JRdC/YqxHNwkQ=="
    },
    "outvariant@1.4.3": {
      "integrity": "sha512-+Sl2UErvtsoajRDKCE5/dBz4DIvHXQQnAxtQTF04OJxY0+DyZXSo5P5Bb7XYWOh81syohlYL24hbDwxedPUJCA=="
    },
    "oxc-parser@0.115.0": {
      "integrity": "sha512-2w7Xn3CbS/zwzSY82S5WLemrRu3CT57uF7Lx8llrE/2bul6iMTcJE4Rbls7GDNbLn3ttATI68PfOz2Pt3KZ2cQ==",
      "dependencies": [
        "@oxc-project/types@0.115.0"
      ],
      "optionalDependencies": [
        "@oxc-parser/binding-android-arm-eabi",
        "@oxc-parser/binding-android-arm64",
        "@oxc-parser/binding-darwin-arm64",
        "@oxc-parser/binding-darwin-x64",
        "@oxc-parser/binding-freebsd-x64",
        "@oxc-parser/binding-linux-arm-gnueabihf",
        "@oxc-parser/binding-linux-arm-musleabihf",
        "@oxc-parser/binding-linux-arm64-gnu",
        "@oxc-parser/binding-linux-arm64-musl",
        "@oxc-parser/binding-linux-ppc64-gnu",
        "@oxc-parser/binding-linux-riscv64-gnu",
        "@oxc-parser/binding-linux-riscv64-musl",
        "@oxc-parser/binding-linux-s390x-gnu",
        "@oxc-parser/binding-linux-x64-gnu",
        "@oxc-parser/binding-linux-x64-musl",
        "@oxc-parser/binding-openharmony-arm64",
        "@oxc-parser/binding-wasm32-wasi",
        "@oxc-parser/binding-win32-arm64-msvc",
        "@oxc-parser/binding-win32-ia32-msvc",
        "@oxc-parser/binding-win32-x64-msvc"
      ]
    },
    "oxc-transform@0.115.0": {
      "integrity": "sha512-FztnLgny8h0xCCpQthorHnbflhzphzp6asCHKCDLMHDJPzozn0aUo09gf13lm88KQjjTbdqE1VnKXjNAYDDAtw==",
      "optionalDependencies": [
        "@oxc-transform/binding-android-arm-eabi",
        "@oxc-transform/binding-android-arm64",
        "@oxc-transform/binding-darwin-arm64",
        "@oxc-transform/binding-darwin-x64",
        "@oxc-transform/binding-freebsd-x64",
        "@oxc-transform/binding-linux-arm-gnueabihf",
        "@oxc-transform/binding-linux-arm-musleabihf",
        "@oxc-transform/binding-linux-arm64-gnu",
        "@oxc-transform/binding-linux-arm64-musl",
        "@oxc-transform/binding-linux-ppc64-gnu",
        "@oxc-transform/binding-linux-riscv64-gnu",
        "@oxc-transform/binding-linux-riscv64-musl",
        "@oxc-transform/binding-linux-s390x-gnu",
        "@oxc-transform/binding-linux-x64-gnu",
        "@oxc-transform/binding-linux-x64-musl",
        "@oxc-transform/binding-openharmony-arm64",
        "@oxc-transform/binding-wasm32-wasi",
        "@oxc-transform/binding-win32-arm64-msvc",
        "@oxc-transform/binding-win32-ia32-msvc",
        "@oxc-transform/binding-win32-x64-msvc"
      ]
    },
    "path-to-regexp@6.3.0": {
      "integrity": "sha512-Yhpw4T9C6hPpgPeA28us07OJeqZ5EzQTkbfwuhsUg0c237RomFoETJgmp2sa3F/41gfLE6G5cqcYwznmeEeOlQ=="
    },
    "pathe@2.0.3": {
      "integrity": "sha512-WUjGcAqP1gQacoQe+OBJsFA7Ld4DyXuUIjZ5cc75cLHvJ7dtNsTugphxIADwspS+AraAUePCKrSVtPLFj/F88w=="
    },
    "picocolors@1.1.1": {
      "integrity": "sha512-xceH2snhtb5M9liqDsmEw56le376mTZkEX/jEb/RxNFyegNul7eNslCXP9FDj/Lcu0X8KEyMceP2ntpaHrDEVA=="
    },
    "picomatch@4.0.3": {
      "integrity": "sha512-5gTmgEY/sqK6gFXLIsQNH19lWb4ebPDLA4SdLP7dsWkIXHWlG66oPuVvXSGFPppYZz8ZDZq0dYYrbHfBCVUb1Q=="
    },
    "require-directory@2.1.1": {
      "integrity": "sha512-fGxEI7+wsG9xrvdjsrlmL22OMTTiHRwAMroiEeMgq8gzoLC/PQr7RsRDSTLUg/bZAZtF+TVIkHc6/4RIKrui+Q=="
    },
    "resolve-pkg-maps@1.0.0": {
      "integrity": "sha512-seS2Tj26TBVOC2NIc2rOe2y2ZO7efxITtLZcGSOnHHNOQ7CkiUBfw0Iw2ck6xkIhPwLhKNLS8BO+hEpngQlqzw=="
    },
    "rettime@0.10.1": {
      "integrity": "sha512-uyDrIlUEH37cinabq0AX4QbgV4HbFZ/gqoiunWQ1UqBtRvTTytwhNYjE++pO/MjPTZL5KQCf2bEoJ/BJNVQ5Kw=="
    },
    "rolldown-plugin-dts@0.22.1_rolldown@1.0.0-rc.5_typescript@5.9.3": {
      "integrity": "sha512-5E0AiM5RSQhU6cjtkDFWH6laW4IrMu0j1Mo8x04Xo1ALHmaRMs9/7zej7P3RrryVHW/DdZAp85MA7Be55p0iUw==",
      "dependencies": [
        "@babel/generator",
        "@babel/helper-validator-identifier",
        "@babel/parser",
        "@babel/types",
        "ast-kit",
        "birpc",
        "dts-resolver",
        "get-tsconfig",
        "obug",
        "rolldown",
        "typescript"
      ],
      "optionalPeers": [
        "typescript"
      ]
    },
    "rolldown@1.0.0-rc.5": {
      "integrity": "sha512-0AdalTs6hNTioaCYIkAa7+xsmHBfU5hCNclZnM/lp7lGGDuUOb6N4BVNtwiomybbencDjq/waKjTImqiGCs5sw==",
      "dependencies": [
        "@oxc-project/types@0.114.0",
        "@rolldown/pluginutils"
      ],
      "optionalDependencies": [
        "@rolldown/binding-android-arm64",
        "@rolldown/binding-darwin-arm64",
        "@rolldown/binding-darwin-x64",
        "@rolldown/binding-freebsd-x64",
        "@rolldown/binding-linux-arm-gnueabihf",
        "@rolldown/binding-linux-arm64-gnu",
        "@rolldown/binding-linux-arm64-musl",
        "@rolldown/binding-linux-x64-gnu",
        "@rolldown/binding-linux-x64-musl",
        "@rolldown/binding-openharmony-arm64",
        "@rolldown/binding-wasm32-wasi",
        "@rolldown/binding-win32-arm64-msvc",
        "@rolldown/binding-win32-x64-msvc"
      ],
      "bin": true
    },
    "signal-exit@4.1.0": {
      "integrity": "sha512-bzyZ1e88w9O1iNJbKnOlvYTrWPDl46O1bG0D3XInv+9tkPrxrN8jUUTiFlDkkmKWgn1M6CfIA13SuGqOa9Korw=="
    },
    "statuses@2.0.2": {
      "integrity": "sha512-DvEy55V3DB7uknRo+4iOGT5fP1slR8wQohVdknigZPMpMstaKJQWhwiYBACJE3Ul2pTnATihhBYnRhZQHGBiRw=="
    },
    "strict-event-emitter@0.5.1": {
      "integrity": "sha512-vMgjE/GGEPEFnhFub6pa4FmJBRBVOLpIII2hvCZ8Kzb7K0hlHo7mQv6xYrBvCL2LtAIBwFUK8wvuJgTVSQ5MFQ=="
    },
    "string-width@4.2.3": {
      "integrity": "sha512-wKyQRQpjJ0sIp62ErSZdGsjMJWsap5oRNihHhu6G7JVO/9jIB6UyevL+tXuOqrng8j/cxKTWyWUwvSTriiZz/g==",
      "dependencies": [
        "emoji-regex",
        "is-fullwidth-code-point",
        "strip-ansi"
      ]
    },
    "strip-ansi@6.0.1": {
      "integrity": "sha512-Y38VPSHcqkFrCpFnQ9vuSXmquuv5oXOKpGeT6aGrr3o3Gc9AlVa6JBfUSOCnbxGGZF+/0ooI7KrPuUSztUdU5A==",
      "dependencies": [
        "ansi-regex"
      ]
    },
    "tagged-tag@1.0.0": {
      "integrity": "sha512-yEFYrVhod+hdNyx7g5Bnkkb0G6si8HJurOoOEgC8B/O0uXLHlaey/65KRv6cuWBNhBgHKAROVpc7QyYqE5gFng=="
    },
    "tldts-core@7.0.23": {
      "integrity": "sha512-0g9vrtDQLrNIiCj22HSe9d4mLVG3g5ph5DZ8zCKBr4OtrspmNB6ss7hVyzArAeE88ceZocIEGkyW1Ime7fxPtQ=="
    },
    "tldts@7.0.23": {
      "integrity": "sha512-ASdhgQIBSay0R/eXggAkQ53G4nTJqTXqC2kbaBbdDwM7SkjyZyO0OaaN1/FH7U/yCeqOHDwFO5j8+Os/IS1dXw==",
      "dependencies": [
        "tldts-core"
      ],
      "bin": true
    },
    "tough-cookie@6.0.0": {
      "integrity": "sha512-kXuRi1mtaKMrsLUxz3sQYvVl37B0Ns6MzfrtV5DvJceE9bPyspOqk9xxv7XbZWcfLWbFmm997vl83qUWVJA64w==",
      "dependencies": [
        "tldts"
      ]
    },
    "tslib@2.8.1": {
      "integrity": "sha512-oJFu94HQb+KVduSUQL7wnpmqnfmLsOA/nAh6b6EH0wCEoK0/mPeXU6c3wKDV83MkOuHPRHtSXKKU99IBazS/2w=="
    },
    "type-fest@5.4.4": {
      "integrity": "sha512-JnTrzGu+zPV3aXIUhnyWJj4z/wigMsdYajGLIYakqyOW1nPllzXEJee0QQbHj+CTIQtXGlAjuK0UY+2xTyjVAw==",
      "dependencies": [
        "tagged-tag"
      ]
    },
    "typescript@5.9.3": {
      "integrity": "sha512-jl1vZzPDinLr9eUt3J/t7V6FgNEw9QjvBPdysz9KfQDD41fQrC2Y4vKQdiaUpFT4bXlb1RHhLpp8wtm6M5TgSw==",
      "bin": true
    },
    "unplugin-isolated-decl@0.15.7_typescript@5.9.3": {
      "integrity": "sha512-JrQGKO9HFvnnt7atd0PBoRLgZAKn66Qa2vKPebMhN5b/kzfuyLVSKKw+9DrcyPZ5PGobcg5SLWlAXq686SfnXw==",
      "dependencies": [
        "magic-string",
        "obug",
        "oxc-parser",
        "oxc-transform",
        "typescript",
        "unplugin",
        "unplugin-utils"
      ],
      "optionalPeers": [
        "typescript"
      ]
    },
    "unplugin-utils@0.3.1": {
      "integrity": "sha512-5lWVjgi6vuHhJ526bI4nlCOmkCIF3nnfXkCMDeMJrtdvxTs6ZFCM8oNufGTsDbKv/tJ/xj8RpvXjRuPBZJuJog==",
      "dependencies": [
        "pathe",
        "picomatch"
      ]
    },
    "unplugin@2.3.11": {
      "integrity": "sha512-5uKD0nqiYVzlmCRs01Fhs2BdkEgBS3SAVP6ndrBsuK42iC2+JHyxM05Rm9G8+5mkmRtzMZGY8Ct5+mliZxU/Ww==",
      "dependencies": [
        "@jridgewell/remapping",
        "acorn",
        "picomatch",
        "webpack-virtual-modules"
      ]
    },
    "until-async@3.0.2": {
      "integrity": "sha512-IiSk4HlzAMqTUseHHe3VhIGyuFmN90zMTpD3Z3y8jeQbzLIq500MVM7Jq2vUAnTKAFPJrqwkzr6PoTcPhGcOiw=="
    },
    "webpack-virtual-modules@0.6.2": {
      "integrity": "sha512-66/V2i5hQanC51vBQKPH4aI8NMAcBW59FVBs+rC7eGHupMyfn34q7rZIE+ETlJ+XTevqfUhVVBgSUNSW2flEUQ=="
    },
    "wrap-ansi@6.2.0": {
      "integrity": "sha512-r6lPcBGxZXlIcymEu7InxDMhdW0KDxpLgoFLcguasxCaJ/SOIZwINatK9KY/tf+ZrlywOKU0UDj3ATXUBfxJXA==",
      "dependencies": [
        "ansi-styles",
        "string-width",
        "strip-ansi"
      ]
    },
    "wrap-ansi@7.0.0": {
      "integrity": "sha512-YVGIj2kamLSTxw6NsZjoBxfSwsn0ycdesmc4p+Q21c5zPuZ1pl+NfxVdxPtdHvmNVOQ6XSYG4AUtyt/Fi7D16Q==",
      "dependencies": [
        "ansi-styles",
        "string-width",
        "strip-ansi"
      ]
    },
    "y18n@5.0.8": {
      "integrity": "sha512-0pfFzegeDWJHJIAmTLRP2DwHjdF5s7jo9tuztdQxAhINCdvS+3nGINqPd00AphqJR/0LhANUS6/+7SCb98YOfA=="
    },
    "yargs-parser@21.1.1": {
      "integrity": "sha512-tVpsJW7DdjecAiFpbIB1e3qxIQsE6NoPc5/eTdrbbIC4h0LVsWhnoa3g+m2HclBIujHzsxZ4VJVA+GUuc2/LBw=="
    },
    "yargs@17.7.2": {
      "integrity": "sha512-7dSzzRQ++CKnNI/krKnYRV7JKKPUXMEh61soaHKg9mrWEhzFWhFnxPxGl+69cD1Ou63C13NUPCnmIcrvqCuM6w==",
      "dependencies": [
        "cliui",
        "escalade",
        "get-caller-file",
        "require-directory",
        "string-width",
        "y18n",
        "yargs-parser"
      ]
    },
    "yoctocolors-cjs@2.1.3": {
      "integrity": "sha512-U/PBtDf35ff0D8X8D0jfdzHYEPFxAI7jJlxZXwCSez5M3190m+QobIfh+sWDWSHMCWWJN2AWamkegn6vr6YBTw=="
    },
    "zod@4.3.6": {
      "integrity": "sha512-rftlrkhHZOcjDwkGlnUtZZkvaPHCsDATp4pGpuOOMDaTdDDXF91wuVDJoWoPsKX/3YPQ5fHuF3STjcYyKr+Qhg=="
    }
  }
}
